// !$*UTF8*$!
{
	archiveVersion = 1;
	classes = {
	};
	objectVersion = 52;
	objects = {

/* Begin PBXBuildFile section */
		0E1206DC250F29190071C1F9 /* Exercise7ViewModel.swift in Sources */ = {isa = PBXBuildFile; fileRef = 0E1206D7250F29190071C1F9 /* Exercise7ViewModel.swift */; };
		0E1206DD250F29190071C1F9 /* Exercise7ViewController.swift in Sources */ = {isa = PBXBuildFile; fileRef = 0E1206D8250F29190071C1F9 /* Exercise7ViewController.swift */; };
		0E1206DE250F29190071C1F9 /* Exercise7Navigator.swift in Sources */ = {isa = PBXBuildFile; fileRef = 0E1206D9250F29190071C1F9 /* Exercise7Navigator.swift */; };
		0E1206DF250F29190071C1F9 /* Exercise7Assembler.swift in Sources */ = {isa = PBXBuildFile; fileRef = 0E1206DA250F29190071C1F9 /* Exercise7Assembler.swift */; };
		0E1206E0250F29190071C1F9 /* Exercise7UseCase.swift in Sources */ = {isa = PBXBuildFile; fileRef = 0E1206DB250F29190071C1F9 /* Exercise7UseCase.swift */; };
		0E1206E5250F29390071C1F9 /* Exercise7ViewControllerTests.swift in Sources */ = {isa = PBXBuildFile; fileRef = 0E1206E1250F29380071C1F9 /* Exercise7ViewControllerTests.swift */; };
		0E1206E7250F29390071C1F9 /* Exercise7ViewModelTests.swift in Sources */ = {isa = PBXBuildFile; fileRef = 0E1206E3250F29390071C1F9 /* Exercise7ViewModelTests.swift */; };
		0E1206E8250F29390071C1F9 /* Exercise7NavigatorMock.swift in Sources */ = {isa = PBXBuildFile; fileRef = 0E1206E4250F29390071C1F9 /* Exercise7NavigatorMock.swift */; };
		0E1206EA250F295A0071C1F9 /* Exercise7.storyboard in Resources */ = {isa = PBXBuildFile; fileRef = 0E1206E9250F295A0071C1F9 /* Exercise7.storyboard */; };
		0E1206ED250F3E2B0071C1F9 /* CaculatingTransportationFee.swift in Sources */ = {isa = PBXBuildFile; fileRef = 0E1206EB250F3DFD0071C1F9 /* CaculatingTransportationFee.swift */; };
		0E1206EF250F6E3C0071C1F9 /* CaculatingTransportationFeeTests.swift in Sources */ = {isa = PBXBuildFile; fileRef = 0E1206EE250F6E3C0071C1F9 /* CaculatingTransportationFeeTests.swift */; };
		0E4C36112512E0ED006A2047 /* Exercise8ViewController.swift in Sources */ = {isa = PBXBuildFile; fileRef = 0E4C360C2512E0EC006A2047 /* Exercise8ViewController.swift */; };
		0E4C36122512E0ED006A2047 /* Exercise8UseCase.swift in Sources */ = {isa = PBXBuildFile; fileRef = 0E4C360D2512E0EC006A2047 /* Exercise8UseCase.swift */; };
		0E4C36132512E0ED006A2047 /* Exercise8ViewModel.swift in Sources */ = {isa = PBXBuildFile; fileRef = 0E4C360E2512E0EC006A2047 /* Exercise8ViewModel.swift */; };
		0E4C36142512E0ED006A2047 /* Exercise8Navigator.swift in Sources */ = {isa = PBXBuildFile; fileRef = 0E4C360F2512E0ED006A2047 /* Exercise8Navigator.swift */; };
		0E4C36152512E0ED006A2047 /* Exercise8Assembler.swift in Sources */ = {isa = PBXBuildFile; fileRef = 0E4C36102512E0ED006A2047 /* Exercise8Assembler.swift */; };
		0E4C361B2512E10B006A2047 /* Exercise8ViewControllerTests.swift in Sources */ = {isa = PBXBuildFile; fileRef = 0E4C36172512E10B006A2047 /* Exercise8ViewControllerTests.swift */; };
		0E4C361C2512E10B006A2047 /* Exercise8ViewModelTests.swift in Sources */ = {isa = PBXBuildFile; fileRef = 0E4C36182512E10B006A2047 /* Exercise8ViewModelTests.swift */; };
		0E4C361D2512E10B006A2047 /* Exercise8NavigatorMock.swift in Sources */ = {isa = PBXBuildFile; fileRef = 0E4C36192512E10B006A2047 /* Exercise8NavigatorMock.swift */; };
		0E4C361E2512E10B006A2047 /* Exercise8UseCaseMock.swift in Sources */ = {isa = PBXBuildFile; fileRef = 0E4C361A2512E10B006A2047 /* Exercise8UseCaseMock.swift */; };
		0E4C36202512E1CE006A2047 /* Exercise8.storyboard in Resources */ = {isa = PBXBuildFile; fileRef = 0E4C361F2512E1CE006A2047 /* Exercise8.storyboard */; };
		0E4C36232512E7BD006A2047 /* CalculateBadmintonFee.swift in Sources */ = {isa = PBXBuildFile; fileRef = 0E4C36222512E7BD006A2047 /* CalculateBadmintonFee.swift */; };
		0E4C36252512E7C6006A2047 /* CalculateBadmintonFeeDto.swift in Sources */ = {isa = PBXBuildFile; fileRef = 0E4C36242512E7C6006A2047 /* CalculateBadmintonFeeDto.swift */; };
		0EA1C06125119F8F008560B0 /* Validation+Ext.swift in Sources */ = {isa = PBXBuildFile; fileRef = 0EA1C06025119F8F008560B0 /* Validation+Ext.swift */; };
		0EE3245125133D5F00AB95E2 /* CalculateBadmintonFeeTests.swift in Sources */ = {isa = PBXBuildFile; fileRef = 0EE3245025133D5F00AB95E2 /* CalculateBadmintonFeeTests.swift */; };
		0EE324532513401500AB95E2 /* String+Ext.swift in Sources */ = {isa = PBXBuildFile; fileRef = 0EE324522513401500AB95E2 /* String+Ext.swift */; };
		0EEF3257251041D6001F2987 /* Exercise7UseCaseMock.swift in Sources */ = {isa = PBXBuildFile; fileRef = 0EEF3256251041D6001F2987 /* Exercise7UseCaseMock.swift */; };
		170DCAA9250E1F2400815C14 /* Exercise1Assembler.swift in Sources */ = {isa = PBXBuildFile; fileRef = 170DCAA4250E1F2400815C14 /* Exercise1Assembler.swift */; };
		170DCAAA250E1F2400815C14 /* Exercise1Navigator.swift in Sources */ = {isa = PBXBuildFile; fileRef = 170DCAA5250E1F2400815C14 /* Exercise1Navigator.swift */; };
		170DCAAB250E1F2400815C14 /* Exercise1UseCase.swift in Sources */ = {isa = PBXBuildFile; fileRef = 170DCAA6250E1F2400815C14 /* Exercise1UseCase.swift */; };
		170DCAAC250E1F2400815C14 /* Exercise1ViewController.swift in Sources */ = {isa = PBXBuildFile; fileRef = 170DCAA7250E1F2400815C14 /* Exercise1ViewController.swift */; };
		170DCAAD250E1F2400815C14 /* Exercise1ViewModel.swift in Sources */ = {isa = PBXBuildFile; fileRef = 170DCAA8250E1F2400815C14 /* Exercise1ViewModel.swift */; };
		170DCAAF250E1F5800815C14 /* Exercise1.storyboard in Resources */ = {isa = PBXBuildFile; fileRef = 170DCAAE250E1F5800815C14 /* Exercise1.storyboard */; };
		170DCAB1250E20D100815C14 /* MainAssembler.swift in Sources */ = {isa = PBXBuildFile; fileRef = 170DCAB0250E20D100815C14 /* MainAssembler.swift */; };
		170DCAB3250E25C600815C14 /* Double+.swift in Sources */ = {isa = PBXBuildFile; fileRef = 170DCAB2250E25C600815C14 /* Double+.swift */; };
		170DCAB5250E287500815C14 /* CalculatingBeerPrice.swift in Sources */ = {isa = PBXBuildFile; fileRef = 170DCAB4250E287500815C14 /* CalculatingBeerPrice.swift */; };
		170DCABB250E28CD00815C14 /* Exercise1ViewControllerTests.swift in Sources */ = {isa = PBXBuildFile; fileRef = 170DCAB7250E28CD00815C14 /* Exercise1ViewControllerTests.swift */; };
		170DCABC250E28CD00815C14 /* Exercise1ViewModelTests.swift in Sources */ = {isa = PBXBuildFile; fileRef = 170DCAB8250E28CD00815C14 /* Exercise1ViewModelTests.swift */; };
		170DCABD250E28CD00815C14 /* Exercise1NavigatorMock.swift in Sources */ = {isa = PBXBuildFile; fileRef = 170DCAB9250E28CD00815C14 /* Exercise1NavigatorMock.swift */; };
		170DCABE250E28CD00815C14 /* Exercise1UseCaseMock.swift in Sources */ = {isa = PBXBuildFile; fileRef = 170DCABA250E28CD00815C14 /* Exercise1UseCaseMock.swift */; };
		170DCAC0250E28EB00815C14 /* CalculatingBeerPriceTests.swift in Sources */ = {isa = PBXBuildFile; fileRef = 170DCABF250E28EB00815C14 /* CalculatingBeerPriceTests.swift */; };
		17128481250C6D5200A95A97 /* MainViewControllerTests.swift in Sources */ = {isa = PBXBuildFile; fileRef = 1712847D250C6D5200A95A97 /* MainViewControllerTests.swift */; };
		17128482250C6D5200A95A97 /* MainViewModelTests.swift in Sources */ = {isa = PBXBuildFile; fileRef = 1712847E250C6D5200A95A97 /* MainViewModelTests.swift */; };
		17128483250C6D5200A95A97 /* MainNavigatorMock.swift in Sources */ = {isa = PBXBuildFile; fileRef = 1712847F250C6D5200A95A97 /* MainNavigatorMock.swift */; };
		17128484250C6D5200A95A97 /* MainUseCaseMock.swift in Sources */ = {isa = PBXBuildFile; fileRef = 17128480250C6D5200A95A97 /* MainUseCaseMock.swift */; };
		17128486250C6E9D00A95A97 /* Exercise.swift in Sources */ = {isa = PBXBuildFile; fileRef = 17128485250C6E9D00A95A97 /* Exercise.swift */; };
		17128489250C6EC900A95A97 /* GettingExercises.swift in Sources */ = {isa = PBXBuildFile; fileRef = 17128488250C6EC900A95A97 /* GettingExercises.swift */; };
		1712848B250C6EFD00A95A97 /* ExerciseGateway.swift in Sources */ = {isa = PBXBuildFile; fileRef = 1712848A250C6EFD00A95A97 /* ExerciseGateway.swift */; };
		1712848F250C71D200A95A97 /* GettingExercisesTests.swift in Sources */ = {isa = PBXBuildFile; fileRef = 1712848E250C71D200A95A97 /* GettingExercisesTests.swift */; };
		17128493250C722A00A95A97 /* ExerciseGatewayMock.swift in Sources */ = {isa = PBXBuildFile; fileRef = 17128492250C722A00A95A97 /* ExerciseGatewayMock.swift */; };
		17128495250C755900A95A97 /* ExerciseCellTests.swift in Sources */ = {isa = PBXBuildFile; fileRef = 17128494250C755900A95A97 /* ExerciseCellTests.swift */; };
		1712849C250C75E300A95A97 /* AppViewModelTests.swift in Sources */ = {isa = PBXBuildFile; fileRef = 17128498250C75E300A95A97 /* AppViewModelTests.swift */; };
		1712849D250C75E300A95A97 /* AppNavigatorMock.swift in Sources */ = {isa = PBXBuildFile; fileRef = 17128499250C75E300A95A97 /* AppNavigatorMock.swift */; };
		1712849E250C75E300A95A97 /* AppUseCaseMock.swift in Sources */ = {isa = PBXBuildFile; fileRef = 1712849A250C75E300A95A97 /* AppUseCaseMock.swift */; };
		1773898925071D8D003B5CD7 /* Main.storyboard in Resources */ = {isa = PBXBuildFile; fileRef = 1773898725071D8D003B5CD7 /* Main.storyboard */; };
		1773898B25071D8E003B5CD7 /* Assets.xcassets in Resources */ = {isa = PBXBuildFile; fileRef = 1773898A25071D8E003B5CD7 /* Assets.xcassets */; };
		1773898E25071D8E003B5CD7 /* LaunchScreen.storyboard in Resources */ = {isa = PBXBuildFile; fileRef = 1773898C25071D8E003B5CD7 /* LaunchScreen.storyboard */; };
		177389C225071EA2003B5CD7 /* UnitTestViewController.swift in Sources */ = {isa = PBXBuildFile; fileRef = 177389A725071EA2003B5CD7 /* UnitTestViewController.swift */; };
		177389C325071EA2003B5CD7 /* Assembler.swift in Sources */ = {isa = PBXBuildFile; fileRef = 177389A825071EA2003B5CD7 /* Assembler.swift */; };
		177389C425071EA2003B5CD7 /* GatewaysAssembler.swift in Sources */ = {isa = PBXBuildFile; fileRef = 177389AC25071EA2003B5CD7 /* GatewaysAssembler.swift */; };
		177389CA25071EA2003B5CD7 /* AppDelegate.swift in Sources */ = {isa = PBXBuildFile; fileRef = 177389B425071EA2003B5CD7 /* AppDelegate.swift */; };
		177389CB25071EA2003B5CD7 /* Storyboards.swift in Sources */ = {isa = PBXBuildFile; fileRef = 177389B725071EA2003B5CD7 /* Storyboards.swift */; };
		177389CC25071EA2003B5CD7 /* AppAssembler.swift in Sources */ = {isa = PBXBuildFile; fileRef = 177389B925071EA2003B5CD7 /* AppAssembler.swift */; };
		177389CD25071EA2003B5CD7 /* AppNavigator.swift in Sources */ = {isa = PBXBuildFile; fileRef = 177389BA25071EA2003B5CD7 /* AppNavigator.swift */; };
		177389CE25071EA2003B5CD7 /* AppViewModel.swift in Sources */ = {isa = PBXBuildFile; fileRef = 177389BB25071EA2003B5CD7 /* AppViewModel.swift */; };
		177389CF25071EA2003B5CD7 /* AppUseCase.swift in Sources */ = {isa = PBXBuildFile; fileRef = 177389BC25071EA2003B5CD7 /* AppUseCase.swift */; };
		177389D025071EA2003B5CD7 /* UIViewController+.swift in Sources */ = {isa = PBXBuildFile; fileRef = 177389BF25071EA2003B5CD7 /* UIViewController+.swift */; };
		177389D125071EA2003B5CD7 /* UIViewController+Rx.swift in Sources */ = {isa = PBXBuildFile; fileRef = 177389C025071EA2003B5CD7 /* UIViewController+Rx.swift */; };
		177389D225071EA2003B5CD7 /* Utils.swift in Sources */ = {isa = PBXBuildFile; fileRef = 177389C125071EA2003B5CD7 /* Utils.swift */; };
		177389D625071FAE003B5CD7 /* MBProgressHUD in Frameworks */ = {isa = PBXBuildFile; productRef = 177389D525071FAE003B5CD7 /* MBProgressHUD */; };
		177389D92507200E003B5CD7 /* MGArchitecture in Frameworks */ = {isa = PBXBuildFile; productRef = 177389D82507200E003B5CD7 /* MGArchitecture */; };
		177389DF25072085003B5CD7 /* Dto in Frameworks */ = {isa = PBXBuildFile; productRef = 177389DE25072085003B5CD7 /* Dto */; };
		177389E225072210003B5CD7 /* Then in Frameworks */ = {isa = PBXBuildFile; productRef = 177389E125072210003B5CD7 /* Then */; };
		177389EA25072442003B5CD7 /* MainNavigator.swift in Sources */ = {isa = PBXBuildFile; fileRef = 177389E525072442003B5CD7 /* MainNavigator.swift */; };
		177389EB25072442003B5CD7 /* MainUseCase.swift in Sources */ = {isa = PBXBuildFile; fileRef = 177389E625072442003B5CD7 /* MainUseCase.swift */; };
		177389EC25072442003B5CD7 /* MainViewController.swift in Sources */ = {isa = PBXBuildFile; fileRef = 177389E725072442003B5CD7 /* MainViewController.swift */; };
		177389ED25072442003B5CD7 /* MainViewModel.swift in Sources */ = {isa = PBXBuildFile; fileRef = 177389E825072442003B5CD7 /* MainViewModel.swift */; };
		177389F0250724E7003B5CD7 /* Reusable in Frameworks */ = {isa = PBXBuildFile; productRef = 177389EF250724E7003B5CD7 /* Reusable */; };
		177389F225073B8D003B5CD7 /* ExerciseItemViewModel.swift in Sources */ = {isa = PBXBuildFile; fileRef = 177389F125073B8D003B5CD7 /* ExerciseItemViewModel.swift */; };
		177389F525073BA3003B5CD7 /* ExerciseCell.swift in Sources */ = {isa = PBXBuildFile; fileRef = 177389F325073BA3003B5CD7 /* ExerciseCell.swift */; };
		177389F625073BA3003B5CD7 /* ExerciseCell.xib in Resources */ = {isa = PBXBuildFile; fileRef = 177389F425073BA3003B5CD7 /* ExerciseCell.xib */; };
		5297A24C250B27A1002745A9 /* Exercise3ViewController.swift in Sources */ = {isa = PBXBuildFile; fileRef = 5297A247250B27A0002745A9 /* Exercise3ViewController.swift */; };
		5297A24D250B27A1002745A9 /* Exercise3ViewModel.swift in Sources */ = {isa = PBXBuildFile; fileRef = 5297A248250B27A0002745A9 /* Exercise3ViewModel.swift */; };
		5297A24E250B27A1002745A9 /* Exercise3Navigator.swift in Sources */ = {isa = PBXBuildFile; fileRef = 5297A249250B27A1002745A9 /* Exercise3Navigator.swift */; };
		5297A24F250B27A1002745A9 /* Exercise3UseCase.swift in Sources */ = {isa = PBXBuildFile; fileRef = 5297A24A250B27A1002745A9 /* Exercise3UseCase.swift */; };
		5297A250250B27A1002745A9 /* Exercise3Assembler.swift in Sources */ = {isa = PBXBuildFile; fileRef = 5297A24B250B27A1002745A9 /* Exercise3Assembler.swift */; };
		5297A252250B2ED0002745A9 /* Exercise3.storyboard in Resources */ = {isa = PBXBuildFile; fileRef = 5297A251250B2ED0002745A9 /* Exercise3.storyboard */; };
		5297A256250E648F002745A9 /* ClotherCell.swift in Sources */ = {isa = PBXBuildFile; fileRef = 5297A254250E648F002745A9 /* ClotherCell.swift */; };
		5297A257250E6490002745A9 /* ClotherCell.xib in Resources */ = {isa = PBXBuildFile; fileRef = 5297A255250E648F002745A9 /* ClotherCell.xib */; };
		5297A259250E6CB6002745A9 /* ClotherViewModel.swift in Sources */ = {isa = PBXBuildFile; fileRef = 5297A258250E6CB6002745A9 /* ClotherViewModel.swift */; };
		5297A25B250E7943002745A9 /* ClotherOrderItem.swift in Sources */ = {isa = PBXBuildFile; fileRef = 5297A25A250E7943002745A9 /* ClotherOrderItem.swift */; };
		5297A261250EC6DB002745A9 /* Exercise3NavigatorMock.swift in Sources */ = {isa = PBXBuildFile; fileRef = 5297A25D250EC6DA002745A9 /* Exercise3NavigatorMock.swift */; };
		5297A262250EC6DB002745A9 /* Exercise3ViewControllerTests.swift in Sources */ = {isa = PBXBuildFile; fileRef = 5297A25E250EC6DA002745A9 /* Exercise3ViewControllerTests.swift */; };
		5297A263250EC6DB002745A9 /* Exercise3UseCaseMock.swift in Sources */ = {isa = PBXBuildFile; fileRef = 5297A25F250EC6DA002745A9 /* Exercise3UseCaseMock.swift */; };
		5297A264250EC6DB002745A9 /* Exercise3ViewModelTests.swift in Sources */ = {isa = PBXBuildFile; fileRef = 5297A260250EC6DB002745A9 /* Exercise3ViewModelTests.swift */; };
		52C54179250F0EB40092CA4A /* CaculatingClotherDiscount.swift in Sources */ = {isa = PBXBuildFile; fileRef = 52C54178250F0EB40092CA4A /* CaculatingClotherDiscount.swift */; };
		52C5417B250F290F0092CA4A /* CaculatingClotherDiscountTest.swift in Sources */ = {isa = PBXBuildFile; fileRef = 52C5417A250F290F0092CA4A /* CaculatingClotherDiscountTest.swift */; };
		619C0CC32513152200A9457A /* Exercise5Assembler.swift in Sources */ = {isa = PBXBuildFile; fileRef = 619C0CC22513152200A9457A /* Exercise5Assembler.swift */; };
		619C0CC52513152C00A9457A /* Exercise5Navigator.swift in Sources */ = {isa = PBXBuildFile; fileRef = 619C0CC42513152C00A9457A /* Exercise5Navigator.swift */; };
		619C0CC72513153700A9457A /* Exercise5UseCase.swift in Sources */ = {isa = PBXBuildFile; fileRef = 619C0CC62513153700A9457A /* Exercise5UseCase.swift */; };
		619C0CC92513154600A9457A /* Exercise5ViewController.swift in Sources */ = {isa = PBXBuildFile; fileRef = 619C0CC82513154600A9457A /* Exercise5ViewController.swift */; };
		619C0CCB2513154E00A9457A /* Exercise5ViewModel.swift in Sources */ = {isa = PBXBuildFile; fileRef = 619C0CCA2513154E00A9457A /* Exercise5ViewModel.swift */; };
		619C0CCD251333C800A9457A /* Exercise5.storyboard in Resources */ = {isa = PBXBuildFile; fileRef = 619C0CCC251333C800A9457A /* Exercise5.storyboard */; };
		619C0CD02513642900A9457A /* CalculatePizzaFee.swift in Sources */ = {isa = PBXBuildFile; fileRef = 619C0CCF2513642900A9457A /* CalculatePizzaFee.swift */; };
		619D1372251751F40001FF53 /* CalculatePizzaFeeTest.swift in Sources */ = {isa = PBXBuildFile; fileRef = 619D1371251751F40001FF53 /* CalculatePizzaFeeTest.swift */; };
		619D1375251757640001FF53 /* Exercise5NavigatorMock.swift in Sources */ = {isa = PBXBuildFile; fileRef = 619D1374251757640001FF53 /* Exercise5NavigatorMock.swift */; };
		619D1377251757B70001FF53 /* Exercise5UesCaseMock.swift in Sources */ = {isa = PBXBuildFile; fileRef = 619D1376251757B70001FF53 /* Exercise5UesCaseMock.swift */; };
		619D137925175A9B0001FF53 /* Exercise5ViewControllerTests.swift in Sources */ = {isa = PBXBuildFile; fileRef = 619D137825175A9B0001FF53 /* Exercise5ViewControllerTests.swift */; };
		619D137B25175C550001FF53 /* Exercise5ViewModelTests.swift in Sources */ = {isa = PBXBuildFile; fileRef = 619D137A25175C550001FF53 /* Exercise5ViewModelTests.swift */; };
		619D137D25184A640001FF53 /* PizzaBillElement.swift in Sources */ = {isa = PBXBuildFile; fileRef = 619D137C25184A640001FF53 /* PizzaBillElement.swift */; };
		716A53652511A5DA0034DC60 /* Exercise2.storyboard in Resources */ = {isa = PBXBuildFile; fileRef = 716A53642511A5DA0034DC60 /* Exercise2.storyboard */; };
		716A536C2511A7AE0034DC60 /* Exercise2UseCase.swift in Sources */ = {isa = PBXBuildFile; fileRef = 716A53672511A7AE0034DC60 /* Exercise2UseCase.swift */; };
		716A536D2511A7AE0034DC60 /* Exercise2Assembler.swift in Sources */ = {isa = PBXBuildFile; fileRef = 716A53682511A7AE0034DC60 /* Exercise2Assembler.swift */; };
		716A536E2511A7AE0034DC60 /* Exercise2Navigator.swift in Sources */ = {isa = PBXBuildFile; fileRef = 716A53692511A7AE0034DC60 /* Exercise2Navigator.swift */; };
		716A536F2511A7AE0034DC60 /* Exercise2ViewModel.swift in Sources */ = {isa = PBXBuildFile; fileRef = 716A536A2511A7AE0034DC60 /* Exercise2ViewModel.swift */; };
		716A53702511A7AE0034DC60 /* Exercise2ViewController.swift in Sources */ = {isa = PBXBuildFile; fileRef = 716A536B2511A7AE0034DC60 /* Exercise2ViewController.swift */; };
		716A53722511AE650034DC60 /* CalculatingFee.swift in Sources */ = {isa = PBXBuildFile; fileRef = 716A53712511AE650034DC60 /* CalculatingFee.swift */; };
		716A537C2511C7880034DC60 /* Exercise2ViewModelTests.swift in Sources */ = {isa = PBXBuildFile; fileRef = 716A53782511C7880034DC60 /* Exercise2ViewModelTests.swift */; };
		716A537D2511C7880034DC60 /* Exercise2NavigatorMock.swift in Sources */ = {isa = PBXBuildFile; fileRef = 716A53792511C7880034DC60 /* Exercise2NavigatorMock.swift */; };
		716A537E2511C7880034DC60 /* Exercise2ViewControllerTests.swift in Sources */ = {isa = PBXBuildFile; fileRef = 716A537A2511C7880034DC60 /* Exercise2ViewControllerTests.swift */; };
		716A537F2511C7880034DC60 /* Exercise2UseCaseMock.swift in Sources */ = {isa = PBXBuildFile; fileRef = 716A537B2511C7880034DC60 /* Exercise2UseCaseMock.swift */; };
		716A53812511E6FC0034DC60 /* CalculateFeeTest.swift in Sources */ = {isa = PBXBuildFile; fileRef = 716A53802511E6FC0034DC60 /* CalculateFeeTest.swift */; };
		9C90E28025148AD600EFE188 /* Exersice6Assembler.swift in Sources */ = {isa = PBXBuildFile; fileRef = 9C90E27B25148AD600EFE188 /* Exersice6Assembler.swift */; };
		9C90E28125148AD600EFE188 /* Exersice6UseCase.swift in Sources */ = {isa = PBXBuildFile; fileRef = 9C90E27C25148AD600EFE188 /* Exersice6UseCase.swift */; };
		9C90E28225148AD600EFE188 /* Exercise6ViewController.swift in Sources */ = {isa = PBXBuildFile; fileRef = 9C90E27D25148AD600EFE188 /* Exercise6ViewController.swift */; };
		9C90E28325148AD600EFE188 /* Exersice6ViewModel.swift in Sources */ = {isa = PBXBuildFile; fileRef = 9C90E27E25148AD600EFE188 /* Exersice6ViewModel.swift */; };
		9C90E28425148AD600EFE188 /* Exercise6Navigator.swift in Sources */ = {isa = PBXBuildFile; fileRef = 9C90E27F25148AD600EFE188 /* Exercise6Navigator.swift */; };
		9C90E28C25148B3C00EFE188 /* Exercise6NavigatorMock.swift in Sources */ = {isa = PBXBuildFile; fileRef = 9C90E28825148B3C00EFE188 /* Exercise6NavigatorMock.swift */; };
		9C90E28D25148B3C00EFE188 /* Exercise6ViewControllerTests.swift in Sources */ = {isa = PBXBuildFile; fileRef = 9C90E28925148B3C00EFE188 /* Exercise6ViewControllerTests.swift */; };
		9C90E28E25148B3C00EFE188 /* Exercise6ViewModelTests.swift in Sources */ = {isa = PBXBuildFile; fileRef = 9C90E28A25148B3C00EFE188 /* Exercise6ViewModelTests.swift */; };
		9C90E28F25148B3C00EFE188 /* Exercise6UseCaseMock.swift in Sources */ = {isa = PBXBuildFile; fileRef = 9C90E28B25148B3C00EFE188 /* Exercise6UseCaseMock.swift */; };
		9C90E29125148B7300EFE188 /* Exercise6.storyboard in Resources */ = {isa = PBXBuildFile; fileRef = 9C90E29025148B7300EFE188 /* Exercise6.storyboard */; };
		9C90E29325148C5F00EFE188 /* CalculateFreeMinutes.swift in Sources */ = {isa = PBXBuildFile; fileRef = 9C90E29225148C5F00EFE188 /* CalculateFreeMinutes.swift */; };
		9C90E29525148C8B00EFE188 /* CalculateFreeMinutes.swift in Sources */ = {isa = PBXBuildFile; fileRef = 9C90E29425148C8B00EFE188 /* CalculateFreeMinutes.swift */; };
		B6D5557C2510EE6D00439F84 /* CaculatingTransportationFeeDto.swift in Sources */ = {isa = PBXBuildFile; fileRef = B6D5557B2510EE6D00439F84 /* CaculatingTransportationFeeDto.swift */; };
		C96892EF250A2A2E000FFF5F /* Exercise4UseCase.swift in Sources */ = {isa = PBXBuildFile; fileRef = C96892EA250A2A2E000FFF5F /* Exercise4UseCase.swift */; };
		C96892F0250A2A2E000FFF5F /* Exercise4Assembler.swift in Sources */ = {isa = PBXBuildFile; fileRef = C96892EB250A2A2E000FFF5F /* Exercise4Assembler.swift */; };
		C96892F1250A2A2E000FFF5F /* Exercise4Navigator.swift in Sources */ = {isa = PBXBuildFile; fileRef = C96892EC250A2A2E000FFF5F /* Exercise4Navigator.swift */; };
		C96892F2250A2A2E000FFF5F /* Exercise4ViewController.swift in Sources */ = {isa = PBXBuildFile; fileRef = C96892ED250A2A2E000FFF5F /* Exercise4ViewController.swift */; };
		C96892F3250A2A2E000FFF5F /* Exercise4ViewModel.swift in Sources */ = {isa = PBXBuildFile; fileRef = C96892EE250A2A2E000FFF5F /* Exercise4ViewModel.swift */; };
		C96892F9250A2A71000FFF5F /* Exercise4UseCaseMock.swift in Sources */ = {isa = PBXBuildFile; fileRef = C96892F5250A2A71000FFF5F /* Exercise4UseCaseMock.swift */; };
		C96892FA250A2A71000FFF5F /* Exercise4NavigatorMock.swift in Sources */ = {isa = PBXBuildFile; fileRef = C96892F6250A2A71000FFF5F /* Exercise4NavigatorMock.swift */; };
		C96892FB250A2A71000FFF5F /* Exercise4ViewModelTests.swift in Sources */ = {isa = PBXBuildFile; fileRef = C96892F7250A2A71000FFF5F /* Exercise4ViewModelTests.swift */; };
		C96892FC250A2A71000FFF5F /* Exercise4ViewControllerTests.swift in Sources */ = {isa = PBXBuildFile; fileRef = C96892F8250A2A71000FFF5F /* Exercise4ViewControllerTests.swift */; };
		C96892FE250A334D000FFF5F /* Exercise4.storyboard in Resources */ = {isa = PBXBuildFile; fileRef = C96892FD250A334D000FFF5F /* Exercise4.storyboard */; };
		C9689301250B3FBC000FFF5F /* DateGateway.swift in Sources */ = {isa = PBXBuildFile; fileRef = C9689300250B3FBC000FFF5F /* DateGateway.swift */; };
		C9689307250B6666000FFF5F /* Date+.swift in Sources */ = {isa = PBXBuildFile; fileRef = C9689306250B6666000FFF5F /* Date+.swift */; };
		C968930D250B74DC000FFF5F /* GettingDatesTests.swift in Sources */ = {isa = PBXBuildFile; fileRef = C968930C250B74DC000FFF5F /* GettingDatesTests.swift */; };
		C98D5740250F1197005BCB35 /* GetDateColorDto.swift in Sources */ = {isa = PBXBuildFile; fileRef = C98D573E250F1197005BCB35 /* GetDateColorDto.swift */; };
		C98D5741250F1197005BCB35 /* GettingDates.swift in Sources */ = {isa = PBXBuildFile; fileRef = C98D573F250F1197005BCB35 /* GettingDates.swift */; };
		C98D5747250F17C9005BCB35 /* DateGatewayMock.swift in Sources */ = {isa = PBXBuildFile; fileRef = C98D5746250F17C9005BCB35 /* DateGatewayMock.swift */; };
/* End PBXBuildFile section */

/* Begin PBXContainerItemProxy section */
		1773899525071D8E003B5CD7 /* PBXContainerItemProxy */ = {
			isa = PBXContainerItemProxy;
			containerPortal = 1773897625071D8D003B5CD7 /* Project object */;
			proxyType = 1;
			remoteGlobalIDString = 1773897D25071D8D003B5CD7;
			remoteInfo = UnitTestTraining;
		};
/* End PBXContainerItemProxy section */

/* Begin PBXFileReference section */
		0E1206D7250F29190071C1F9 /* Exercise7ViewModel.swift */ = {isa = PBXFileReference; fileEncoding = 4; lastKnownFileType = sourcecode.swift; path = Exercise7ViewModel.swift; sourceTree = "<group>"; };
		0E1206D8250F29190071C1F9 /* Exercise7ViewController.swift */ = {isa = PBXFileReference; fileEncoding = 4; lastKnownFileType = sourcecode.swift; path = Exercise7ViewController.swift; sourceTree = "<group>"; };
		0E1206D9250F29190071C1F9 /* Exercise7Navigator.swift */ = {isa = PBXFileReference; fileEncoding = 4; lastKnownFileType = sourcecode.swift; path = Exercise7Navigator.swift; sourceTree = "<group>"; };
		0E1206DA250F29190071C1F9 /* Exercise7Assembler.swift */ = {isa = PBXFileReference; fileEncoding = 4; lastKnownFileType = sourcecode.swift; path = Exercise7Assembler.swift; sourceTree = "<group>"; };
		0E1206DB250F29190071C1F9 /* Exercise7UseCase.swift */ = {isa = PBXFileReference; fileEncoding = 4; lastKnownFileType = sourcecode.swift; path = Exercise7UseCase.swift; sourceTree = "<group>"; };
		0E1206E1250F29380071C1F9 /* Exercise7ViewControllerTests.swift */ = {isa = PBXFileReference; fileEncoding = 4; lastKnownFileType = sourcecode.swift; path = Exercise7ViewControllerTests.swift; sourceTree = "<group>"; };
		0E1206E3250F29390071C1F9 /* Exercise7ViewModelTests.swift */ = {isa = PBXFileReference; fileEncoding = 4; lastKnownFileType = sourcecode.swift; path = Exercise7ViewModelTests.swift; sourceTree = "<group>"; };
		0E1206E4250F29390071C1F9 /* Exercise7NavigatorMock.swift */ = {isa = PBXFileReference; fileEncoding = 4; lastKnownFileType = sourcecode.swift; path = Exercise7NavigatorMock.swift; sourceTree = "<group>"; };
		0E1206E9250F295A0071C1F9 /* Exercise7.storyboard */ = {isa = PBXFileReference; lastKnownFileType = file.storyboard; path = Exercise7.storyboard; sourceTree = "<group>"; };
		0E1206EB250F3DFD0071C1F9 /* CaculatingTransportationFee.swift */ = {isa = PBXFileReference; lastKnownFileType = sourcecode.swift; path = CaculatingTransportationFee.swift; sourceTree = "<group>"; };
		0E1206EE250F6E3C0071C1F9 /* CaculatingTransportationFeeTests.swift */ = {isa = PBXFileReference; lastKnownFileType = sourcecode.swift; path = CaculatingTransportationFeeTests.swift; sourceTree = "<group>"; };
		0E4C360C2512E0EC006A2047 /* Exercise8ViewController.swift */ = {isa = PBXFileReference; fileEncoding = 4; lastKnownFileType = sourcecode.swift; path = Exercise8ViewController.swift; sourceTree = "<group>"; };
		0E4C360D2512E0EC006A2047 /* Exercise8UseCase.swift */ = {isa = PBXFileReference; fileEncoding = 4; lastKnownFileType = sourcecode.swift; path = Exercise8UseCase.swift; sourceTree = "<group>"; };
		0E4C360E2512E0EC006A2047 /* Exercise8ViewModel.swift */ = {isa = PBXFileReference; fileEncoding = 4; lastKnownFileType = sourcecode.swift; path = Exercise8ViewModel.swift; sourceTree = "<group>"; };
		0E4C360F2512E0ED006A2047 /* Exercise8Navigator.swift */ = {isa = PBXFileReference; fileEncoding = 4; lastKnownFileType = sourcecode.swift; path = Exercise8Navigator.swift; sourceTree = "<group>"; };
		0E4C36102512E0ED006A2047 /* Exercise8Assembler.swift */ = {isa = PBXFileReference; fileEncoding = 4; lastKnownFileType = sourcecode.swift; path = Exercise8Assembler.swift; sourceTree = "<group>"; };
		0E4C36172512E10B006A2047 /* Exercise8ViewControllerTests.swift */ = {isa = PBXFileReference; fileEncoding = 4; lastKnownFileType = sourcecode.swift; path = Exercise8ViewControllerTests.swift; sourceTree = "<group>"; };
		0E4C36182512E10B006A2047 /* Exercise8ViewModelTests.swift */ = {isa = PBXFileReference; fileEncoding = 4; lastKnownFileType = sourcecode.swift; path = Exercise8ViewModelTests.swift; sourceTree = "<group>"; };
		0E4C36192512E10B006A2047 /* Exercise8NavigatorMock.swift */ = {isa = PBXFileReference; fileEncoding = 4; lastKnownFileType = sourcecode.swift; path = Exercise8NavigatorMock.swift; sourceTree = "<group>"; };
		0E4C361A2512E10B006A2047 /* Exercise8UseCaseMock.swift */ = {isa = PBXFileReference; fileEncoding = 4; lastKnownFileType = sourcecode.swift; path = Exercise8UseCaseMock.swift; sourceTree = "<group>"; };
		0E4C361F2512E1CE006A2047 /* Exercise8.storyboard */ = {isa = PBXFileReference; lastKnownFileType = file.storyboard; path = Exercise8.storyboard; sourceTree = "<group>"; };
		0E4C36222512E7BD006A2047 /* CalculateBadmintonFee.swift */ = {isa = PBXFileReference; lastKnownFileType = sourcecode.swift; path = CalculateBadmintonFee.swift; sourceTree = "<group>"; };
		0E4C36242512E7C6006A2047 /* CalculateBadmintonFeeDto.swift */ = {isa = PBXFileReference; lastKnownFileType = sourcecode.swift; path = CalculateBadmintonFeeDto.swift; sourceTree = "<group>"; };
		0EA1C06025119F8F008560B0 /* Validation+Ext.swift */ = {isa = PBXFileReference; lastKnownFileType = sourcecode.swift; path = "Validation+Ext.swift"; sourceTree = "<group>"; };
		0EE3245025133D5F00AB95E2 /* CalculateBadmintonFeeTests.swift */ = {isa = PBXFileReference; lastKnownFileType = sourcecode.swift; path = CalculateBadmintonFeeTests.swift; sourceTree = "<group>"; };
		0EE324522513401500AB95E2 /* String+Ext.swift */ = {isa = PBXFileReference; lastKnownFileType = sourcecode.swift; path = "String+Ext.swift"; sourceTree = "<group>"; };
		0EEF3256251041D6001F2987 /* Exercise7UseCaseMock.swift */ = {isa = PBXFileReference; lastKnownFileType = sourcecode.swift; path = Exercise7UseCaseMock.swift; sourceTree = "<group>"; };
		170DCAA4250E1F2400815C14 /* Exercise1Assembler.swift */ = {isa = PBXFileReference; lastKnownFileType = sourcecode.swift; path = Exercise1Assembler.swift; sourceTree = "<group>"; };
		170DCAA5250E1F2400815C14 /* Exercise1Navigator.swift */ = {isa = PBXFileReference; lastKnownFileType = sourcecode.swift; path = Exercise1Navigator.swift; sourceTree = "<group>"; };
		170DCAA6250E1F2400815C14 /* Exercise1UseCase.swift */ = {isa = PBXFileReference; lastKnownFileType = sourcecode.swift; path = Exercise1UseCase.swift; sourceTree = "<group>"; };
		170DCAA7250E1F2400815C14 /* Exercise1ViewController.swift */ = {isa = PBXFileReference; lastKnownFileType = sourcecode.swift; path = Exercise1ViewController.swift; sourceTree = "<group>"; };
		170DCAA8250E1F2400815C14 /* Exercise1ViewModel.swift */ = {isa = PBXFileReference; lastKnownFileType = sourcecode.swift; path = Exercise1ViewModel.swift; sourceTree = "<group>"; };
		170DCAAE250E1F5800815C14 /* Exercise1.storyboard */ = {isa = PBXFileReference; lastKnownFileType = file.storyboard; path = Exercise1.storyboard; sourceTree = "<group>"; };
		170DCAB0250E20D100815C14 /* MainAssembler.swift */ = {isa = PBXFileReference; fileEncoding = 4; lastKnownFileType = sourcecode.swift; path = MainAssembler.swift; sourceTree = "<group>"; };
		170DCAB2250E25C600815C14 /* Double+.swift */ = {isa = PBXFileReference; lastKnownFileType = sourcecode.swift; path = "Double+.swift"; sourceTree = "<group>"; };
		170DCAB4250E287500815C14 /* CalculatingBeerPrice.swift */ = {isa = PBXFileReference; lastKnownFileType = sourcecode.swift; path = CalculatingBeerPrice.swift; sourceTree = "<group>"; };
		170DCAB7250E28CD00815C14 /* Exercise1ViewControllerTests.swift */ = {isa = PBXFileReference; lastKnownFileType = sourcecode.swift; path = Exercise1ViewControllerTests.swift; sourceTree = "<group>"; };
		170DCAB8250E28CD00815C14 /* Exercise1ViewModelTests.swift */ = {isa = PBXFileReference; lastKnownFileType = sourcecode.swift; path = Exercise1ViewModelTests.swift; sourceTree = "<group>"; };
		170DCAB9250E28CD00815C14 /* Exercise1NavigatorMock.swift */ = {isa = PBXFileReference; lastKnownFileType = sourcecode.swift; path = Exercise1NavigatorMock.swift; sourceTree = "<group>"; };
		170DCABA250E28CD00815C14 /* Exercise1UseCaseMock.swift */ = {isa = PBXFileReference; lastKnownFileType = sourcecode.swift; path = Exercise1UseCaseMock.swift; sourceTree = "<group>"; };
		170DCABF250E28EB00815C14 /* CalculatingBeerPriceTests.swift */ = {isa = PBXFileReference; lastKnownFileType = sourcecode.swift; path = CalculatingBeerPriceTests.swift; sourceTree = "<group>"; };
		1712847D250C6D5200A95A97 /* MainViewControllerTests.swift */ = {isa = PBXFileReference; lastKnownFileType = sourcecode.swift; path = MainViewControllerTests.swift; sourceTree = "<group>"; };
		1712847E250C6D5200A95A97 /* MainViewModelTests.swift */ = {isa = PBXFileReference; lastKnownFileType = sourcecode.swift; path = MainViewModelTests.swift; sourceTree = "<group>"; };
		1712847F250C6D5200A95A97 /* MainNavigatorMock.swift */ = {isa = PBXFileReference; lastKnownFileType = sourcecode.swift; path = MainNavigatorMock.swift; sourceTree = "<group>"; };
		17128480250C6D5200A95A97 /* MainUseCaseMock.swift */ = {isa = PBXFileReference; lastKnownFileType = sourcecode.swift; path = MainUseCaseMock.swift; sourceTree = "<group>"; };
		17128485250C6E9D00A95A97 /* Exercise.swift */ = {isa = PBXFileReference; lastKnownFileType = sourcecode.swift; path = Exercise.swift; sourceTree = "<group>"; };
		17128488250C6EC900A95A97 /* GettingExercises.swift */ = {isa = PBXFileReference; lastKnownFileType = sourcecode.swift; path = GettingExercises.swift; sourceTree = "<group>"; };
		1712848A250C6EFD00A95A97 /* ExerciseGateway.swift */ = {isa = PBXFileReference; lastKnownFileType = sourcecode.swift; path = ExerciseGateway.swift; sourceTree = "<group>"; };
		1712848E250C71D200A95A97 /* GettingExercisesTests.swift */ = {isa = PBXFileReference; lastKnownFileType = sourcecode.swift; path = GettingExercisesTests.swift; sourceTree = "<group>"; };
		17128492250C722A00A95A97 /* ExerciseGatewayMock.swift */ = {isa = PBXFileReference; lastKnownFileType = sourcecode.swift; path = ExerciseGatewayMock.swift; sourceTree = "<group>"; };
		17128494250C755900A95A97 /* ExerciseCellTests.swift */ = {isa = PBXFileReference; fileEncoding = 4; lastKnownFileType = sourcecode.swift; path = ExerciseCellTests.swift; sourceTree = "<group>"; };
		17128498250C75E300A95A97 /* AppViewModelTests.swift */ = {isa = PBXFileReference; lastKnownFileType = sourcecode.swift; path = AppViewModelTests.swift; sourceTree = "<group>"; };
		17128499250C75E300A95A97 /* AppNavigatorMock.swift */ = {isa = PBXFileReference; lastKnownFileType = sourcecode.swift; path = AppNavigatorMock.swift; sourceTree = "<group>"; };
		1712849A250C75E300A95A97 /* AppUseCaseMock.swift */ = {isa = PBXFileReference; lastKnownFileType = sourcecode.swift; path = AppUseCaseMock.swift; sourceTree = "<group>"; };
		1773897E25071D8D003B5CD7 /* UnitTestTraining.app */ = {isa = PBXFileReference; explicitFileType = wrapper.application; includeInIndex = 0; path = UnitTestTraining.app; sourceTree = BUILT_PRODUCTS_DIR; };
		1773898825071D8D003B5CD7 /* Base */ = {isa = PBXFileReference; lastKnownFileType = file.storyboard; name = Base; path = Base.lproj/Main.storyboard; sourceTree = "<group>"; };
		1773898A25071D8E003B5CD7 /* Assets.xcassets */ = {isa = PBXFileReference; lastKnownFileType = folder.assetcatalog; path = Assets.xcassets; sourceTree = "<group>"; };
		1773898D25071D8E003B5CD7 /* Base */ = {isa = PBXFileReference; lastKnownFileType = file.storyboard; name = Base; path = Base.lproj/LaunchScreen.storyboard; sourceTree = "<group>"; };
		1773898F25071D8E003B5CD7 /* Info.plist */ = {isa = PBXFileReference; lastKnownFileType = text.plist.xml; path = Info.plist; sourceTree = "<group>"; };
		1773899425071D8E003B5CD7 /* UnitTestTrainingTests.xctest */ = {isa = PBXFileReference; explicitFileType = wrapper.cfbundle; includeInIndex = 0; path = UnitTestTrainingTests.xctest; sourceTree = BUILT_PRODUCTS_DIR; };
		1773899A25071D8E003B5CD7 /* Info.plist */ = {isa = PBXFileReference; lastKnownFileType = text.plist.xml; path = Info.plist; sourceTree = "<group>"; };
		177389A325071EA1003B5CD7 /* UnitTestTraining-Bridging-Header.h */ = {isa = PBXFileReference; lastKnownFileType = sourcecode.c.h; path = "UnitTestTraining-Bridging-Header.h"; sourceTree = "<group>"; };
		177389A725071EA2003B5CD7 /* UnitTestViewController.swift */ = {isa = PBXFileReference; fileEncoding = 4; lastKnownFileType = sourcecode.swift; path = UnitTestViewController.swift; sourceTree = "<group>"; };
		177389A825071EA2003B5CD7 /* Assembler.swift */ = {isa = PBXFileReference; fileEncoding = 4; lastKnownFileType = sourcecode.swift; path = Assembler.swift; sourceTree = "<group>"; };
		177389AC25071EA2003B5CD7 /* GatewaysAssembler.swift */ = {isa = PBXFileReference; fileEncoding = 4; lastKnownFileType = sourcecode.swift; path = GatewaysAssembler.swift; sourceTree = "<group>"; };
		177389B425071EA2003B5CD7 /* AppDelegate.swift */ = {isa = PBXFileReference; fileEncoding = 4; lastKnownFileType = sourcecode.swift; path = AppDelegate.swift; sourceTree = "<group>"; };
		177389B725071EA2003B5CD7 /* Storyboards.swift */ = {isa = PBXFileReference; fileEncoding = 4; lastKnownFileType = sourcecode.swift; path = Storyboards.swift; sourceTree = "<group>"; };
		177389B925071EA2003B5CD7 /* AppAssembler.swift */ = {isa = PBXFileReference; fileEncoding = 4; lastKnownFileType = sourcecode.swift; path = AppAssembler.swift; sourceTree = "<group>"; };
		177389BA25071EA2003B5CD7 /* AppNavigator.swift */ = {isa = PBXFileReference; fileEncoding = 4; lastKnownFileType = sourcecode.swift; path = AppNavigator.swift; sourceTree = "<group>"; };
		177389BB25071EA2003B5CD7 /* AppViewModel.swift */ = {isa = PBXFileReference; fileEncoding = 4; lastKnownFileType = sourcecode.swift; path = AppViewModel.swift; sourceTree = "<group>"; };
		177389BC25071EA2003B5CD7 /* AppUseCase.swift */ = {isa = PBXFileReference; fileEncoding = 4; lastKnownFileType = sourcecode.swift; path = AppUseCase.swift; sourceTree = "<group>"; };
		177389BF25071EA2003B5CD7 /* UIViewController+.swift */ = {isa = PBXFileReference; fileEncoding = 4; lastKnownFileType = sourcecode.swift; path = "UIViewController+.swift"; sourceTree = "<group>"; };
		177389C025071EA2003B5CD7 /* UIViewController+Rx.swift */ = {isa = PBXFileReference; fileEncoding = 4; lastKnownFileType = sourcecode.swift; path = "UIViewController+Rx.swift"; sourceTree = "<group>"; };
		177389C125071EA2003B5CD7 /* Utils.swift */ = {isa = PBXFileReference; fileEncoding = 4; lastKnownFileType = sourcecode.swift; path = Utils.swift; sourceTree = "<group>"; };
		177389E525072442003B5CD7 /* MainNavigator.swift */ = {isa = PBXFileReference; lastKnownFileType = sourcecode.swift; path = MainNavigator.swift; sourceTree = "<group>"; };
		177389E625072442003B5CD7 /* MainUseCase.swift */ = {isa = PBXFileReference; lastKnownFileType = sourcecode.swift; path = MainUseCase.swift; sourceTree = "<group>"; };
		177389E725072442003B5CD7 /* MainViewController.swift */ = {isa = PBXFileReference; lastKnownFileType = sourcecode.swift; path = MainViewController.swift; sourceTree = "<group>"; };
		177389E825072442003B5CD7 /* MainViewModel.swift */ = {isa = PBXFileReference; lastKnownFileType = sourcecode.swift; path = MainViewModel.swift; sourceTree = "<group>"; };
		177389F125073B8D003B5CD7 /* ExerciseItemViewModel.swift */ = {isa = PBXFileReference; lastKnownFileType = sourcecode.swift; path = ExerciseItemViewModel.swift; sourceTree = "<group>"; };
		177389F325073BA3003B5CD7 /* ExerciseCell.swift */ = {isa = PBXFileReference; lastKnownFileType = sourcecode.swift; path = ExerciseCell.swift; sourceTree = "<group>"; };
		177389F425073BA3003B5CD7 /* ExerciseCell.xib */ = {isa = PBXFileReference; lastKnownFileType = file.xib; path = ExerciseCell.xib; sourceTree = "<group>"; };
		5297A247250B27A0002745A9 /* Exercise3ViewController.swift */ = {isa = PBXFileReference; fileEncoding = 4; lastKnownFileType = sourcecode.swift; path = Exercise3ViewController.swift; sourceTree = "<group>"; };
		5297A248250B27A0002745A9 /* Exercise3ViewModel.swift */ = {isa = PBXFileReference; fileEncoding = 4; lastKnownFileType = sourcecode.swift; path = Exercise3ViewModel.swift; sourceTree = "<group>"; };
		5297A249250B27A1002745A9 /* Exercise3Navigator.swift */ = {isa = PBXFileReference; fileEncoding = 4; lastKnownFileType = sourcecode.swift; path = Exercise3Navigator.swift; sourceTree = "<group>"; };
		5297A24A250B27A1002745A9 /* Exercise3UseCase.swift */ = {isa = PBXFileReference; fileEncoding = 4; lastKnownFileType = sourcecode.swift; path = Exercise3UseCase.swift; sourceTree = "<group>"; };
		5297A24B250B27A1002745A9 /* Exercise3Assembler.swift */ = {isa = PBXFileReference; fileEncoding = 4; lastKnownFileType = sourcecode.swift; path = Exercise3Assembler.swift; sourceTree = "<group>"; };
		5297A251250B2ED0002745A9 /* Exercise3.storyboard */ = {isa = PBXFileReference; lastKnownFileType = file.storyboard; path = Exercise3.storyboard; sourceTree = "<group>"; };
		5297A254250E648F002745A9 /* ClotherCell.swift */ = {isa = PBXFileReference; lastKnownFileType = sourcecode.swift; path = ClotherCell.swift; sourceTree = "<group>"; };
		5297A255250E648F002745A9 /* ClotherCell.xib */ = {isa = PBXFileReference; lastKnownFileType = file.xib; path = ClotherCell.xib; sourceTree = "<group>"; };
		5297A258250E6CB6002745A9 /* ClotherViewModel.swift */ = {isa = PBXFileReference; lastKnownFileType = sourcecode.swift; path = ClotherViewModel.swift; sourceTree = "<group>"; };
		5297A25A250E7943002745A9 /* ClotherOrderItem.swift */ = {isa = PBXFileReference; lastKnownFileType = sourcecode.swift; name = ClotherOrderItem.swift; path = UnitTestTraining/Scenes/Exercise3/ClotherOrderItem.swift; sourceTree = SOURCE_ROOT; };
		5297A25D250EC6DA002745A9 /* Exercise3NavigatorMock.swift */ = {isa = PBXFileReference; fileEncoding = 4; lastKnownFileType = sourcecode.swift; path = Exercise3NavigatorMock.swift; sourceTree = "<group>"; };
		5297A25E250EC6DA002745A9 /* Exercise3ViewControllerTests.swift */ = {isa = PBXFileReference; fileEncoding = 4; lastKnownFileType = sourcecode.swift; path = Exercise3ViewControllerTests.swift; sourceTree = "<group>"; };
		5297A25F250EC6DA002745A9 /* Exercise3UseCaseMock.swift */ = {isa = PBXFileReference; fileEncoding = 4; lastKnownFileType = sourcecode.swift; path = Exercise3UseCaseMock.swift; sourceTree = "<group>"; };
		5297A260250EC6DB002745A9 /* Exercise3ViewModelTests.swift */ = {isa = PBXFileReference; fileEncoding = 4; lastKnownFileType = sourcecode.swift; path = Exercise3ViewModelTests.swift; sourceTree = "<group>"; };
		52C54178250F0EB40092CA4A /* CaculatingClotherDiscount.swift */ = {isa = PBXFileReference; lastKnownFileType = sourcecode.swift; path = CaculatingClotherDiscount.swift; sourceTree = "<group>"; };
		52C5417A250F290F0092CA4A /* CaculatingClotherDiscountTest.swift */ = {isa = PBXFileReference; lastKnownFileType = sourcecode.swift; path = CaculatingClotherDiscountTest.swift; sourceTree = "<group>"; };
		619C0CC22513152200A9457A /* Exercise5Assembler.swift */ = {isa = PBXFileReference; lastKnownFileType = sourcecode.swift; path = Exercise5Assembler.swift; sourceTree = "<group>"; };
		619C0CC42513152C00A9457A /* Exercise5Navigator.swift */ = {isa = PBXFileReference; lastKnownFileType = sourcecode.swift; path = Exercise5Navigator.swift; sourceTree = "<group>"; };
		619C0CC62513153700A9457A /* Exercise5UseCase.swift */ = {isa = PBXFileReference; lastKnownFileType = sourcecode.swift; path = Exercise5UseCase.swift; sourceTree = "<group>"; };
		619C0CC82513154600A9457A /* Exercise5ViewController.swift */ = {isa = PBXFileReference; lastKnownFileType = sourcecode.swift; path = Exercise5ViewController.swift; sourceTree = "<group>"; };
		619C0CCA2513154E00A9457A /* Exercise5ViewModel.swift */ = {isa = PBXFileReference; lastKnownFileType = sourcecode.swift; path = Exercise5ViewModel.swift; sourceTree = "<group>"; };
		619C0CCC251333C800A9457A /* Exercise5.storyboard */ = {isa = PBXFileReference; lastKnownFileType = file.storyboard; path = Exercise5.storyboard; sourceTree = "<group>"; };
		619C0CCF2513642900A9457A /* CalculatePizzaFee.swift */ = {isa = PBXFileReference; lastKnownFileType = sourcecode.swift; path = CalculatePizzaFee.swift; sourceTree = "<group>"; };
		619D1371251751F40001FF53 /* CalculatePizzaFeeTest.swift */ = {isa = PBXFileReference; lastKnownFileType = sourcecode.swift; path = CalculatePizzaFeeTest.swift; sourceTree = "<group>"; };
		619D1374251757640001FF53 /* Exercise5NavigatorMock.swift */ = {isa = PBXFileReference; lastKnownFileType = sourcecode.swift; path = Exercise5NavigatorMock.swift; sourceTree = "<group>"; };
		619D1376251757B70001FF53 /* Exercise5UesCaseMock.swift */ = {isa = PBXFileReference; lastKnownFileType = sourcecode.swift; path = Exercise5UesCaseMock.swift; sourceTree = "<group>"; };
		619D137825175A9B0001FF53 /* Exercise5ViewControllerTests.swift */ = {isa = PBXFileReference; lastKnownFileType = sourcecode.swift; path = Exercise5ViewControllerTests.swift; sourceTree = "<group>"; };
		619D137A25175C550001FF53 /* Exercise5ViewModelTests.swift */ = {isa = PBXFileReference; lastKnownFileType = sourcecode.swift; path = Exercise5ViewModelTests.swift; sourceTree = "<group>"; };
		619D137C25184A640001FF53 /* PizzaBillElement.swift */ = {isa = PBXFileReference; lastKnownFileType = sourcecode.swift; path = PizzaBillElement.swift; sourceTree = "<group>"; };
		716A53642511A5DA0034DC60 /* Exercise2.storyboard */ = {isa = PBXFileReference; lastKnownFileType = file.storyboard; path = Exercise2.storyboard; sourceTree = "<group>"; };
		716A53672511A7AE0034DC60 /* Exercise2UseCase.swift */ = {isa = PBXFileReference; fileEncoding = 4; lastKnownFileType = sourcecode.swift; path = Exercise2UseCase.swift; sourceTree = "<group>"; };
		716A53682511A7AE0034DC60 /* Exercise2Assembler.swift */ = {isa = PBXFileReference; fileEncoding = 4; lastKnownFileType = sourcecode.swift; path = Exercise2Assembler.swift; sourceTree = "<group>"; };
		716A53692511A7AE0034DC60 /* Exercise2Navigator.swift */ = {isa = PBXFileReference; fileEncoding = 4; lastKnownFileType = sourcecode.swift; path = Exercise2Navigator.swift; sourceTree = "<group>"; };
		716A536A2511A7AE0034DC60 /* Exercise2ViewModel.swift */ = {isa = PBXFileReference; fileEncoding = 4; lastKnownFileType = sourcecode.swift; path = Exercise2ViewModel.swift; sourceTree = "<group>"; };
		716A536B2511A7AE0034DC60 /* Exercise2ViewController.swift */ = {isa = PBXFileReference; fileEncoding = 4; lastKnownFileType = sourcecode.swift; path = Exercise2ViewController.swift; sourceTree = "<group>"; };
		716A53712511AE650034DC60 /* CalculatingFee.swift */ = {isa = PBXFileReference; lastKnownFileType = sourcecode.swift; path = CalculatingFee.swift; sourceTree = "<group>"; };
		716A53782511C7880034DC60 /* Exercise2ViewModelTests.swift */ = {isa = PBXFileReference; fileEncoding = 4; lastKnownFileType = sourcecode.swift; path = Exercise2ViewModelTests.swift; sourceTree = "<group>"; };
		716A53792511C7880034DC60 /* Exercise2NavigatorMock.swift */ = {isa = PBXFileReference; fileEncoding = 4; lastKnownFileType = sourcecode.swift; path = Exercise2NavigatorMock.swift; sourceTree = "<group>"; };
		716A537A2511C7880034DC60 /* Exercise2ViewControllerTests.swift */ = {isa = PBXFileReference; fileEncoding = 4; lastKnownFileType = sourcecode.swift; path = Exercise2ViewControllerTests.swift; sourceTree = "<group>"; };
		716A537B2511C7880034DC60 /* Exercise2UseCaseMock.swift */ = {isa = PBXFileReference; fileEncoding = 4; lastKnownFileType = sourcecode.swift; path = Exercise2UseCaseMock.swift; sourceTree = "<group>"; };
		716A53802511E6FC0034DC60 /* CalculateFeeTest.swift */ = {isa = PBXFileReference; lastKnownFileType = sourcecode.swift; path = CalculateFeeTest.swift; sourceTree = "<group>"; };
		9C90E27B25148AD600EFE188 /* Exersice6Assembler.swift */ = {isa = PBXFileReference; fileEncoding = 4; lastKnownFileType = sourcecode.swift; path = Exersice6Assembler.swift; sourceTree = "<group>"; };
		9C90E27C25148AD600EFE188 /* Exersice6UseCase.swift */ = {isa = PBXFileReference; fileEncoding = 4; lastKnownFileType = sourcecode.swift; path = Exersice6UseCase.swift; sourceTree = "<group>"; };
		9C90E27D25148AD600EFE188 /* Exercise6ViewController.swift */ = {isa = PBXFileReference; fileEncoding = 4; lastKnownFileType = sourcecode.swift; path = Exercise6ViewController.swift; sourceTree = "<group>"; };
		9C90E27E25148AD600EFE188 /* Exersice6ViewModel.swift */ = {isa = PBXFileReference; fileEncoding = 4; lastKnownFileType = sourcecode.swift; path = Exersice6ViewModel.swift; sourceTree = "<group>"; };
		9C90E27F25148AD600EFE188 /* Exercise6Navigator.swift */ = {isa = PBXFileReference; fileEncoding = 4; lastKnownFileType = sourcecode.swift; path = Exercise6Navigator.swift; sourceTree = "<group>"; };
		9C90E28825148B3C00EFE188 /* Exercise6NavigatorMock.swift */ = {isa = PBXFileReference; fileEncoding = 4; lastKnownFileType = sourcecode.swift; path = Exercise6NavigatorMock.swift; sourceTree = "<group>"; };
		9C90E28925148B3C00EFE188 /* Exercise6ViewControllerTests.swift */ = {isa = PBXFileReference; fileEncoding = 4; lastKnownFileType = sourcecode.swift; path = Exercise6ViewControllerTests.swift; sourceTree = "<group>"; };
		9C90E28A25148B3C00EFE188 /* Exercise6ViewModelTests.swift */ = {isa = PBXFileReference; fileEncoding = 4; lastKnownFileType = sourcecode.swift; path = Exercise6ViewModelTests.swift; sourceTree = "<group>"; };
		9C90E28B25148B3C00EFE188 /* Exercise6UseCaseMock.swift */ = {isa = PBXFileReference; fileEncoding = 4; lastKnownFileType = sourcecode.swift; path = Exercise6UseCaseMock.swift; sourceTree = "<group>"; };
		9C90E29025148B7300EFE188 /* Exercise6.storyboard */ = {isa = PBXFileReference; fileEncoding = 4; lastKnownFileType = file.storyboard; path = Exercise6.storyboard; sourceTree = "<group>"; };
		9C90E29225148C5F00EFE188 /* CalculateFreeMinutes.swift */ = {isa = PBXFileReference; lastKnownFileType = sourcecode.swift; path = CalculateFreeMinutes.swift; sourceTree = "<group>"; };
		9C90E29425148C8B00EFE188 /* CalculateFreeMinutes.swift */ = {isa = PBXFileReference; lastKnownFileType = sourcecode.swift; path = CalculateFreeMinutes.swift; sourceTree = "<group>"; };
		B6D5557B2510EE6D00439F84 /* CaculatingTransportationFeeDto.swift */ = {isa = PBXFileReference; lastKnownFileType = sourcecode.swift; path = CaculatingTransportationFeeDto.swift; sourceTree = "<group>"; };
		C96892EA250A2A2E000FFF5F /* Exercise4UseCase.swift */ = {isa = PBXFileReference; fileEncoding = 4; lastKnownFileType = sourcecode.swift; path = Exercise4UseCase.swift; sourceTree = "<group>"; };
		C96892EB250A2A2E000FFF5F /* Exercise4Assembler.swift */ = {isa = PBXFileReference; fileEncoding = 4; lastKnownFileType = sourcecode.swift; path = Exercise4Assembler.swift; sourceTree = "<group>"; };
		C96892EC250A2A2E000FFF5F /* Exercise4Navigator.swift */ = {isa = PBXFileReference; fileEncoding = 4; lastKnownFileType = sourcecode.swift; path = Exercise4Navigator.swift; sourceTree = "<group>"; };
		C96892ED250A2A2E000FFF5F /* Exercise4ViewController.swift */ = {isa = PBXFileReference; fileEncoding = 4; lastKnownFileType = sourcecode.swift; path = Exercise4ViewController.swift; sourceTree = "<group>"; };
		C96892EE250A2A2E000FFF5F /* Exercise4ViewModel.swift */ = {isa = PBXFileReference; fileEncoding = 4; lastKnownFileType = sourcecode.swift; path = Exercise4ViewModel.swift; sourceTree = "<group>"; };
		C96892F5250A2A71000FFF5F /* Exercise4UseCaseMock.swift */ = {isa = PBXFileReference; fileEncoding = 4; lastKnownFileType = sourcecode.swift; path = Exercise4UseCaseMock.swift; sourceTree = "<group>"; };
		C96892F6250A2A71000FFF5F /* Exercise4NavigatorMock.swift */ = {isa = PBXFileReference; fileEncoding = 4; lastKnownFileType = sourcecode.swift; path = Exercise4NavigatorMock.swift; sourceTree = "<group>"; };
		C96892F7250A2A71000FFF5F /* Exercise4ViewModelTests.swift */ = {isa = PBXFileReference; fileEncoding = 4; lastKnownFileType = sourcecode.swift; path = Exercise4ViewModelTests.swift; sourceTree = "<group>"; };
		C96892F8250A2A71000FFF5F /* Exercise4ViewControllerTests.swift */ = {isa = PBXFileReference; fileEncoding = 4; lastKnownFileType = sourcecode.swift; path = Exercise4ViewControllerTests.swift; sourceTree = "<group>"; };
		C96892FD250A334D000FFF5F /* Exercise4.storyboard */ = {isa = PBXFileReference; lastKnownFileType = file.storyboard; path = Exercise4.storyboard; sourceTree = "<group>"; };
		C9689300250B3FBC000FFF5F /* DateGateway.swift */ = {isa = PBXFileReference; lastKnownFileType = sourcecode.swift; path = DateGateway.swift; sourceTree = "<group>"; };
		C9689306250B6666000FFF5F /* Date+.swift */ = {isa = PBXFileReference; lastKnownFileType = sourcecode.swift; path = "Date+.swift"; sourceTree = "<group>"; };
		C968930C250B74DC000FFF5F /* GettingDatesTests.swift */ = {isa = PBXFileReference; lastKnownFileType = sourcecode.swift; path = GettingDatesTests.swift; sourceTree = "<group>"; };
		C98D573E250F1197005BCB35 /* GetDateColorDto.swift */ = {isa = PBXFileReference; fileEncoding = 4; lastKnownFileType = sourcecode.swift; path = GetDateColorDto.swift; sourceTree = "<group>"; };
		C98D573F250F1197005BCB35 /* GettingDates.swift */ = {isa = PBXFileReference; fileEncoding = 4; lastKnownFileType = sourcecode.swift; path = GettingDates.swift; sourceTree = "<group>"; };
		C98D5746250F17C9005BCB35 /* DateGatewayMock.swift */ = {isa = PBXFileReference; fileEncoding = 4; lastKnownFileType = sourcecode.swift; path = DateGatewayMock.swift; sourceTree = "<group>"; };
/* End PBXFileReference section */

/* Begin PBXFrameworksBuildPhase section */
		1773897B25071D8D003B5CD7 /* Frameworks */ = {
			isa = PBXFrameworksBuildPhase;
			buildActionMask = 2147483647;
			files = (
				177389E225072210003B5CD7 /* Then in Frameworks */,
				177389D625071FAE003B5CD7 /* MBProgressHUD in Frameworks */,
				177389D92507200E003B5CD7 /* MGArchitecture in Frameworks */,
				177389DF25072085003B5CD7 /* Dto in Frameworks */,
				177389F0250724E7003B5CD7 /* Reusable in Frameworks */,
			);
			runOnlyForDeploymentPostprocessing = 0;
		};
		1773899125071D8E003B5CD7 /* Frameworks */ = {
			isa = PBXFrameworksBuildPhase;
			buildActionMask = 2147483647;
			files = (
			);
			runOnlyForDeploymentPostprocessing = 0;
		};
/* End PBXFrameworksBuildPhase section */

/* Begin PBXGroup section */
		0E1206C1250F28CF0071C1F9 /* Exercise7 */ = {
			isa = PBXGroup;
			children = (
				0E1206E4250F29390071C1F9 /* Exercise7NavigatorMock.swift */,
				0E1206E1250F29380071C1F9 /* Exercise7ViewControllerTests.swift */,
				0E1206E3250F29390071C1F9 /* Exercise7ViewModelTests.swift */,
				0EEF3256251041D6001F2987 /* Exercise7UseCaseMock.swift */,
			);
			path = Exercise7;
			sourceTree = "<group>";
		};
		0E1206D6250F29190071C1F9 /* Exercise7 */ = {
			isa = PBXGroup;
			children = (
				0E1206D7250F29190071C1F9 /* Exercise7ViewModel.swift */,
				0E1206D8250F29190071C1F9 /* Exercise7ViewController.swift */,
				0E1206D9250F29190071C1F9 /* Exercise7Navigator.swift */,
				0E1206DA250F29190071C1F9 /* Exercise7Assembler.swift */,
				0E1206DB250F29190071C1F9 /* Exercise7UseCase.swift */,
			);
			path = Exercise7;
			sourceTree = "<group>";
		};
		0E4C360B2512E0E1006A2047 /* Exercise8 */ = {
			isa = PBXGroup;
			children = (
				0E4C36102512E0ED006A2047 /* Exercise8Assembler.swift */,
				0E4C360F2512E0ED006A2047 /* Exercise8Navigator.swift */,
				0E4C360D2512E0EC006A2047 /* Exercise8UseCase.swift */,
				0E4C360C2512E0EC006A2047 /* Exercise8ViewController.swift */,
				0E4C360E2512E0EC006A2047 /* Exercise8ViewModel.swift */,
			);
			path = Exercise8;
			sourceTree = "<group>";
		};
		0E4C36162512E0FF006A2047 /* Exercise8 */ = {
			isa = PBXGroup;
			children = (
				0E4C36192512E10B006A2047 /* Exercise8NavigatorMock.swift */,
				0E4C361A2512E10B006A2047 /* Exercise8UseCaseMock.swift */,
				0E4C36172512E10B006A2047 /* Exercise8ViewControllerTests.swift */,
				0E4C36182512E10B006A2047 /* Exercise8ViewModelTests.swift */,
			);
			path = Exercise8;
			sourceTree = "<group>";
		};
		0E4C36212512E780006A2047 /* Exercise8 */ = {
			isa = PBXGroup;
			children = (
				0E4C36222512E7BD006A2047 /* CalculateBadmintonFee.swift */,
				0E4C36242512E7C6006A2047 /* CalculateBadmintonFeeDto.swift */,
			);
			path = Exercise8;
			sourceTree = "<group>";
		};
		170DCAA3250E1F1400815C14 /* Exercise1 */ = {
			isa = PBXGroup;
			children = (
				170DCAA4250E1F2400815C14 /* Exercise1Assembler.swift */,
				170DCAA5250E1F2400815C14 /* Exercise1Navigator.swift */,
				170DCAA6250E1F2400815C14 /* Exercise1UseCase.swift */,
				170DCAA7250E1F2400815C14 /* Exercise1ViewController.swift */,
				170DCAA8250E1F2400815C14 /* Exercise1ViewModel.swift */,
			);
			path = Exercise1;
			sourceTree = "<group>";
		};
		170DCAB6250E28BB00815C14 /* Exercise1 */ = {
			isa = PBXGroup;
			children = (
				170DCAB7250E28CD00815C14 /* Exercise1ViewControllerTests.swift */,
				170DCAB8250E28CD00815C14 /* Exercise1ViewModelTests.swift */,
				170DCAB9250E28CD00815C14 /* Exercise1NavigatorMock.swift */,
				170DCABA250E28CD00815C14 /* Exercise1UseCaseMock.swift */,
			);
			path = Exercise1;
			sourceTree = "<group>";
		};
		1712847B250C6D3900A95A97 /* Scenes */ = {
			isa = PBXGroup;
			children = (
				619D1373251757450001FF53 /* Exercise5 */,
				9C90E28725148B3C00EFE188 /* Exercise6 */,
				0E4C36162512E0FF006A2047 /* Exercise8 */,
				0E1206C1250F28CF0071C1F9 /* Exercise7 */,
				716A53772511C7740034DC60 /* Exercise2 */,
				170DCAB6250E28BB00815C14 /* Exercise1 */,
				C96892F4250A2A5E000FFF5F /* Exercise4 */,
				5297A25C250EC690002745A9 /* Exercise3 */,
				17128496250C75D100A95A97 /* App */,
				1712847C250C6D4100A95A97 /* Main */,
			);
			path = Scenes;
			sourceTree = "<group>";
		};
		1712847C250C6D4100A95A97 /* Main */ = {
			isa = PBXGroup;
			children = (
				1712847D250C6D5200A95A97 /* MainViewControllerTests.swift */,
				1712847E250C6D5200A95A97 /* MainViewModelTests.swift */,
				1712847F250C6D5200A95A97 /* MainNavigatorMock.swift */,
				17128480250C6D5200A95A97 /* MainUseCaseMock.swift */,
				17128494250C755900A95A97 /* ExerciseCellTests.swift */,
			);
			path = Main;
			sourceTree = "<group>";
		};
		1712848C250C71AB00A95A97 /* Domain */ = {
			isa = PBXGroup;
			children = (
				1712848D250C71B500A95A97 /* UseCases */,
			);
			path = Domain;
			sourceTree = "<group>";
		};
		1712848D250C71B500A95A97 /* UseCases */ = {
			isa = PBXGroup;
			children = (
				1712848E250C71D200A95A97 /* GettingExercisesTests.swift */,
				170DCABF250E28EB00815C14 /* CalculatingBeerPriceTests.swift */,
				C968930C250B74DC000FFF5F /* GettingDatesTests.swift */,
				0E1206EE250F6E3C0071C1F9 /* CaculatingTransportationFeeTests.swift */,
				716A53802511E6FC0034DC60 /* CalculateFeeTest.swift */,
				52C5417A250F290F0092CA4A /* CaculatingClotherDiscountTest.swift */,
				0EE3245025133D5F00AB95E2 /* CalculateBadmintonFeeTests.swift */,
				9C90E29225148C5F00EFE188 /* CalculateFreeMinutes.swift */,
				619D1371251751F40001FF53 /* CalculatePizzaFeeTest.swift */,
			);
			path = UseCases;
			sourceTree = "<group>";
		};
		17128490250C721200A95A97 /* Data */ = {
			isa = PBXGroup;
			children = (
				17128491250C721800A95A97 /* Gateways */,
			);
			path = Data;
			sourceTree = "<group>";
		};
		17128491250C721800A95A97 /* Gateways */ = {
			isa = PBXGroup;
			children = (
				C98D5746250F17C9005BCB35 /* DateGatewayMock.swift */,
				17128492250C722A00A95A97 /* ExerciseGatewayMock.swift */,
			);
			path = Gateways;
			sourceTree = "<group>";
		};
		17128496250C75D100A95A97 /* App */ = {
			isa = PBXGroup;
			children = (
				17128498250C75E300A95A97 /* AppViewModelTests.swift */,
				17128499250C75E300A95A97 /* AppNavigatorMock.swift */,
				1712849A250C75E300A95A97 /* AppUseCaseMock.swift */,
			);
			path = App;
			sourceTree = "<group>";
		};
		1773897525071D8D003B5CD7 = {
			isa = PBXGroup;
			children = (
				1773898025071D8D003B5CD7 /* UnitTestTraining */,
				1773899725071D8E003B5CD7 /* UnitTestTrainingTests */,
				1773897F25071D8D003B5CD7 /* Products */,
			);
			sourceTree = "<group>";
		};
		1773897F25071D8D003B5CD7 /* Products */ = {
			isa = PBXGroup;
			children = (
				1773897E25071D8D003B5CD7 /* UnitTestTraining.app */,
				1773899425071D8E003B5CD7 /* UnitTestTrainingTests.xctest */,
			);
			name = Products;
			sourceTree = "<group>";
		};
		1773898025071D8D003B5CD7 /* UnitTestTraining */ = {
			isa = PBXGroup;
			children = (
				177389B425071EA2003B5CD7 /* AppDelegate.swift */,
				177389A825071EA2003B5CD7 /* Assembler.swift */,
				177389B225071EA2003B5CD7 /* Config */,
				177389A925071EA2003B5CD7 /* Data */,
				177389A425071EA2003B5CD7 /* Domain */,
				177389B525071EA2003B5CD7 /* Scenes */,
				177389BD25071EA2003B5CD7 /* Support */,
				177389A725071EA2003B5CD7 /* UnitTestViewController.swift */,
				1773898A25071D8E003B5CD7 /* Assets.xcassets */,
				1773898C25071D8E003B5CD7 /* LaunchScreen.storyboard */,
				1773898F25071D8E003B5CD7 /* Info.plist */,
				177389A325071EA1003B5CD7 /* UnitTestTraining-Bridging-Header.h */,
			);
			path = UnitTestTraining;
			sourceTree = "<group>";
		};
		1773899725071D8E003B5CD7 /* UnitTestTrainingTests */ = {
			isa = PBXGroup;
			children = (
				17128490250C721200A95A97 /* Data */,
				1712848C250C71AB00A95A97 /* Domain */,
				1712847B250C6D3900A95A97 /* Scenes */,
				1773899A25071D8E003B5CD7 /* Info.plist */,
			);
			path = UnitTestTrainingTests;
			sourceTree = "<group>";
		};
		177389A425071EA2003B5CD7 /* Domain */ = {
			isa = PBXGroup;
			children = (
				177389A525071EA2003B5CD7 /* UseCases */,
				177389A625071EA2003B5CD7 /* Entities */,
			);
			path = Domain;
			sourceTree = "<group>";
		};
		177389A525071EA2003B5CD7 /* UseCases */ = {
			isa = PBXGroup;
			children = (
				0E4C36212512E780006A2047 /* Exercise8 */,
				619C0CCE251363E600A9457A /* Exercise5 */,
				B6D5557A2510EE5000439F84 /* Exercise7 */,
				C98D573E250F1197005BCB35 /* GetDateColorDto.swift */,
				C98D573F250F1197005BCB35 /* GettingDates.swift */,
				17128488250C6EC900A95A97 /* GettingExercises.swift */,
				170DCAB4250E287500815C14 /* CalculatingBeerPrice.swift */,
				716A53712511AE650034DC60 /* CalculatingFee.swift */,
				52C54178250F0EB40092CA4A /* CaculatingClotherDiscount.swift */,
				9C90E29425148C8B00EFE188 /* CalculateFreeMinutes.swift */,
			);
			path = UseCases;
			sourceTree = "<group>";
		};
		177389A625071EA2003B5CD7 /* Entities */ = {
			isa = PBXGroup;
			children = (
				17128485250C6E9D00A95A97 /* Exercise.swift */,
				5297A25A250E7943002745A9 /* ClotherOrderItem.swift */,
				619D137C25184A640001FF53 /* PizzaBillElement.swift */,
			);
			path = Entities;
			sourceTree = "<group>";
		};
		177389A925071EA2003B5CD7 /* Data */ = {
			isa = PBXGroup;
			children = (
				177389AB25071EA2003B5CD7 /* Gateways */,
			);
			path = Data;
			sourceTree = "<group>";
		};
		177389AB25071EA2003B5CD7 /* Gateways */ = {
			isa = PBXGroup;
			children = (
				177389AC25071EA2003B5CD7 /* GatewaysAssembler.swift */,
				1712848A250C6EFD00A95A97 /* ExerciseGateway.swift */,
				C9689300250B3FBC000FFF5F /* DateGateway.swift */,
			);
			path = Gateways;
			sourceTree = "<group>";
		};
		177389B225071EA2003B5CD7 /* Config */ = {
			isa = PBXGroup;
			children = (
			);
			path = Config;
			sourceTree = "<group>";
		};
		177389B525071EA2003B5CD7 /* Scenes */ = {
			isa = PBXGroup;
			children = (
				9C90E27A25148AD600EFE188 /* Exercise6 */,
				0E4C360B2512E0E1006A2047 /* Exercise8 */,
				619C0CC1251314F700A9457A /* Exercise5 */,
				0E1206D6250F29190071C1F9 /* Exercise7 */,
				716A53662511A79E0034DC60 /* Exercise2 */,
				170DCAA3250E1F1400815C14 /* Exercise1 */,
				C96892E9250A2916000FFF5F /* Exercise4 */,
				5297A246250B2772002745A9 /* Exercise3 */,
				177389E325072429003B5CD7 /* Main */,
				177389B625071EA2003B5CD7 /* Storyboards */,
				177389B825071EA2003B5CD7 /* App */,
			);
			path = Scenes;
			sourceTree = "<group>";
		};
		177389B625071EA2003B5CD7 /* Storyboards */ = {
			isa = PBXGroup;
			children = (
				9C90E29025148B7300EFE188 /* Exercise6.storyboard */,
				1773898725071D8D003B5CD7 /* Main.storyboard */,
				170DCAAE250E1F5800815C14 /* Exercise1.storyboard */,
				716A53642511A5DA0034DC60 /* Exercise2.storyboard */,
				C96892FD250A334D000FFF5F /* Exercise4.storyboard */,
				177389B725071EA2003B5CD7 /* Storyboards.swift */,
				0E1206E9250F295A0071C1F9 /* Exercise7.storyboard */,
				5297A251250B2ED0002745A9 /* Exercise3.storyboard */,
				0E4C361F2512E1CE006A2047 /* Exercise8.storyboard */,
				619C0CCC251333C800A9457A /* Exercise5.storyboard */,
			);
			path = Storyboards;
			sourceTree = "<group>";
		};
		177389B825071EA2003B5CD7 /* App */ = {
			isa = PBXGroup;
			children = (
				177389B925071EA2003B5CD7 /* AppAssembler.swift */,
				177389BA25071EA2003B5CD7 /* AppNavigator.swift */,
				177389BB25071EA2003B5CD7 /* AppViewModel.swift */,
				177389BC25071EA2003B5CD7 /* AppUseCase.swift */,
			);
			path = App;
			sourceTree = "<group>";
		};
		177389BD25071EA2003B5CD7 /* Support */ = {
			isa = PBXGroup;
			children = (
				177389BE25071EA2003B5CD7 /* Extensions */,
				177389C125071EA2003B5CD7 /* Utils.swift */,
			);
			path = Support;
			sourceTree = "<group>";
		};
		177389BE25071EA2003B5CD7 /* Extensions */ = {
			isa = PBXGroup;
			children = (
				177389BF25071EA2003B5CD7 /* UIViewController+.swift */,
				177389C025071EA2003B5CD7 /* UIViewController+Rx.swift */,
				170DCAB2250E25C600815C14 /* Double+.swift */,
				C9689306250B6666000FFF5F /* Date+.swift */,
				0EA1C06025119F8F008560B0 /* Validation+Ext.swift */,
				0EE324522513401500AB95E2 /* String+Ext.swift */,
			);
			path = Extensions;
			sourceTree = "<group>";
		};
		177389E325072429003B5CD7 /* Main */ = {
			isa = PBXGroup;
			children = (
				170DCAB0250E20D100815C14 /* MainAssembler.swift */,
				177389E525072442003B5CD7 /* MainNavigator.swift */,
				177389E625072442003B5CD7 /* MainUseCase.swift */,
				177389E725072442003B5CD7 /* MainViewController.swift */,
				177389E825072442003B5CD7 /* MainViewModel.swift */,
				177389F125073B8D003B5CD7 /* ExerciseItemViewModel.swift */,
				177389F325073BA3003B5CD7 /* ExerciseCell.swift */,
				177389F425073BA3003B5CD7 /* ExerciseCell.xib */,
			);
			path = Main;
			sourceTree = "<group>";
		};
		5297A246250B2772002745A9 /* Exercise3 */ = {
			isa = PBXGroup;
			children = (
				5297A24B250B27A1002745A9 /* Exercise3Assembler.swift */,
				5297A249250B27A1002745A9 /* Exercise3Navigator.swift */,
				5297A24A250B27A1002745A9 /* Exercise3UseCase.swift */,
				5297A247250B27A0002745A9 /* Exercise3ViewController.swift */,
				5297A248250B27A0002745A9 /* Exercise3ViewModel.swift */,
				5297A258250E6CB6002745A9 /* ClotherViewModel.swift */,
				5297A254250E648F002745A9 /* ClotherCell.swift */,
				5297A255250E648F002745A9 /* ClotherCell.xib */,
			);
			path = Exercise3;
			sourceTree = "<group>";
		};
		5297A25C250EC690002745A9 /* Exercise3 */ = {
			isa = PBXGroup;
			children = (
				5297A25D250EC6DA002745A9 /* Exercise3NavigatorMock.swift */,
				5297A25F250EC6DA002745A9 /* Exercise3UseCaseMock.swift */,
				5297A25E250EC6DA002745A9 /* Exercise3ViewControllerTests.swift */,
				5297A260250EC6DB002745A9 /* Exercise3ViewModelTests.swift */,
			);
			path = Exercise3;
			sourceTree = "<group>";
		};
		619C0CC1251314F700A9457A /* Exercise5 */ = {
			isa = PBXGroup;
			children = (
				619C0CC22513152200A9457A /* Exercise5Assembler.swift */,
				619C0CC42513152C00A9457A /* Exercise5Navigator.swift */,
				619C0CC62513153700A9457A /* Exercise5UseCase.swift */,
				619C0CC82513154600A9457A /* Exercise5ViewController.swift */,
				619C0CCA2513154E00A9457A /* Exercise5ViewModel.swift */,
			);
			path = Exercise5;
			sourceTree = "<group>";
		};
		619C0CCE251363E600A9457A /* Exercise5 */ = {
			isa = PBXGroup;
			children = (
				619C0CCF2513642900A9457A /* CalculatePizzaFee.swift */,
			);
			path = Exercise5;
			sourceTree = "<group>";
		};
		619D1373251757450001FF53 /* Exercise5 */ = {
			isa = PBXGroup;
			children = (
				619D1374251757640001FF53 /* Exercise5NavigatorMock.swift */,
				619D1376251757B70001FF53 /* Exercise5UesCaseMock.swift */,
				619D137825175A9B0001FF53 /* Exercise5ViewControllerTests.swift */,
				619D137A25175C550001FF53 /* Exercise5ViewModelTests.swift */,
			);
			path = Exercise5;
			sourceTree = "<group>";
		};
		716A53662511A79E0034DC60 /* Exercise2 */ = {
			isa = PBXGroup;
			children = (
				716A53682511A7AE0034DC60 /* Exercise2Assembler.swift */,
				716A53692511A7AE0034DC60 /* Exercise2Navigator.swift */,
				716A53672511A7AE0034DC60 /* Exercise2UseCase.swift */,
				716A536B2511A7AE0034DC60 /* Exercise2ViewController.swift */,
				716A536A2511A7AE0034DC60 /* Exercise2ViewModel.swift */,
			);
			path = Exercise2;
			sourceTree = "<group>";
		};
		716A53772511C7740034DC60 /* Exercise2 */ = {
			isa = PBXGroup;
			children = (
				716A53792511C7880034DC60 /* Exercise2NavigatorMock.swift */,
				716A537B2511C7880034DC60 /* Exercise2UseCaseMock.swift */,
				716A537A2511C7880034DC60 /* Exercise2ViewControllerTests.swift */,
				716A53782511C7880034DC60 /* Exercise2ViewModelTests.swift */,
			);
			path = Exercise2;
			sourceTree = "<group>";
		};
		9C90E27A25148AD600EFE188 /* Exercise6 */ = {
			isa = PBXGroup;
			children = (
				9C90E27B25148AD600EFE188 /* Exersice6Assembler.swift */,
				9C90E27C25148AD600EFE188 /* Exersice6UseCase.swift */,
				9C90E27D25148AD600EFE188 /* Exercise6ViewController.swift */,
				9C90E27E25148AD600EFE188 /* Exersice6ViewModel.swift */,
				9C90E27F25148AD600EFE188 /* Exercise6Navigator.swift */,
			);
			path = Exercise6;
			sourceTree = "<group>";
		};
		9C90E28725148B3C00EFE188 /* Exercise6 */ = {
			isa = PBXGroup;
			children = (
				9C90E28825148B3C00EFE188 /* Exercise6NavigatorMock.swift */,
				9C90E28925148B3C00EFE188 /* Exercise6ViewControllerTests.swift */,
				9C90E28A25148B3C00EFE188 /* Exercise6ViewModelTests.swift */,
				9C90E28B25148B3C00EFE188 /* Exercise6UseCaseMock.swift */,
			);
			path = Exercise6;
			sourceTree = "<group>";
		};
		B6D5557A2510EE5000439F84 /* Exercise7 */ = {
			isa = PBXGroup;
			children = (
				0E1206EB250F3DFD0071C1F9 /* CaculatingTransportationFee.swift */,
				B6D5557B2510EE6D00439F84 /* CaculatingTransportationFeeDto.swift */,
			);
			path = Exercise7;
			sourceTree = "<group>";
		};
		C96892E9250A2916000FFF5F /* Exercise4 */ = {
			isa = PBXGroup;
			children = (
				C96892EB250A2A2E000FFF5F /* Exercise4Assembler.swift */,
				C96892EC250A2A2E000FFF5F /* Exercise4Navigator.swift */,
				C96892EA250A2A2E000FFF5F /* Exercise4UseCase.swift */,
				C96892ED250A2A2E000FFF5F /* Exercise4ViewController.swift */,
				C96892EE250A2A2E000FFF5F /* Exercise4ViewModel.swift */,
			);
			path = Exercise4;
			sourceTree = "<group>";
		};
		C96892F4250A2A5E000FFF5F /* Exercise4 */ = {
			isa = PBXGroup;
			children = (
				C96892F6250A2A71000FFF5F /* Exercise4NavigatorMock.swift */,
				C96892F5250A2A71000FFF5F /* Exercise4UseCaseMock.swift */,
				C96892F8250A2A71000FFF5F /* Exercise4ViewControllerTests.swift */,
				C96892F7250A2A71000FFF5F /* Exercise4ViewModelTests.swift */,
			);
			path = Exercise4;
			sourceTree = "<group>";
		};
/* End PBXGroup section */

/* Begin PBXNativeTarget section */
		1773897D25071D8D003B5CD7 /* UnitTestTraining */ = {
			isa = PBXNativeTarget;
			buildConfigurationList = 1773899D25071D8E003B5CD7 /* Build configuration list for PBXNativeTarget "UnitTestTraining" */;
			buildPhases = (
				1773897A25071D8D003B5CD7 /* Sources */,
				1773897B25071D8D003B5CD7 /* Frameworks */,
				1773897C25071D8D003B5CD7 /* Resources */,
				177389D325071F60003B5CD7 /* SwiftLint */,
			);
			buildRules = (
			);
			dependencies = (
			);
			name = UnitTestTraining;
			packageProductDependencies = (
				177389D525071FAE003B5CD7 /* MBProgressHUD */,
				177389D82507200E003B5CD7 /* MGArchitecture */,
				177389DE25072085003B5CD7 /* Dto */,
				177389E125072210003B5CD7 /* Then */,
				177389EF250724E7003B5CD7 /* Reusable */,
			);
			productName = UnitTestTraining;
			productReference = 1773897E25071D8D003B5CD7 /* UnitTestTraining.app */;
			productType = "com.apple.product-type.application";
		};
		1773899325071D8E003B5CD7 /* UnitTestTrainingTests */ = {
			isa = PBXNativeTarget;
			buildConfigurationList = 177389A025071D8E003B5CD7 /* Build configuration list for PBXNativeTarget "UnitTestTrainingTests" */;
			buildPhases = (
				1773899025071D8E003B5CD7 /* Sources */,
				1773899125071D8E003B5CD7 /* Frameworks */,
				1773899225071D8E003B5CD7 /* Resources */,
			);
			buildRules = (
			);
			dependencies = (
				1773899625071D8E003B5CD7 /* PBXTargetDependency */,
			);
			name = UnitTestTrainingTests;
			productName = UnitTestTrainingTests;
			productReference = 1773899425071D8E003B5CD7 /* UnitTestTrainingTests.xctest */;
			productType = "com.apple.product-type.bundle.unit-test";
		};
/* End PBXNativeTarget section */

/* Begin PBXProject section */
		1773897625071D8D003B5CD7 /* Project object */ = {
			isa = PBXProject;
			attributes = {
				LastSwiftUpdateCheck = 1170;
				LastUpgradeCheck = 1170;
				ORGANIZATIONNAME = "Sun Asterisk";
				TargetAttributes = {
					1773897D25071D8D003B5CD7 = {
						CreatedOnToolsVersion = 11.7;
						LastSwiftMigration = 1170;
					};
					1773899325071D8E003B5CD7 = {
						CreatedOnToolsVersion = 11.7;
						LastSwiftMigration = 1170;
						TestTargetID = 1773897D25071D8D003B5CD7;
					};
				};
			};
			buildConfigurationList = 1773897925071D8D003B5CD7 /* Build configuration list for PBXProject "UnitTestTraining" */;
			compatibilityVersion = "Xcode 9.3";
			developmentRegion = en;
			hasScannedForEncodings = 0;
			knownRegions = (
				en,
				Base,
			);
			mainGroup = 1773897525071D8D003B5CD7;
			packageReferences = (
				177389D425071FAE003B5CD7 /* XCRemoteSwiftPackageReference "MBProgressHUD" */,
				177389D72507200E003B5CD7 /* XCRemoteSwiftPackageReference "MGArchitecture" */,
				177389DD25072085003B5CD7 /* XCRemoteSwiftPackageReference "Dto" */,
				177389E025072210003B5CD7 /* XCRemoteSwiftPackageReference "Then" */,
				177389EE250724E7003B5CD7 /* XCRemoteSwiftPackageReference "Reusable" */,
			);
			productRefGroup = 1773897F25071D8D003B5CD7 /* Products */;
			projectDirPath = "";
			projectRoot = "";
			targets = (
				1773897D25071D8D003B5CD7 /* UnitTestTraining */,
				1773899325071D8E003B5CD7 /* UnitTestTrainingTests */,
			);
		};
/* End PBXProject section */

/* Begin PBXResourcesBuildPhase section */
		1773897C25071D8D003B5CD7 /* Resources */ = {
			isa = PBXResourcesBuildPhase;
			buildActionMask = 2147483647;
			files = (
				1773898E25071D8E003B5CD7 /* LaunchScreen.storyboard in Resources */,
				9C90E29125148B7300EFE188 /* Exercise6.storyboard in Resources */,
				5297A257250E6490002745A9 /* ClotherCell.xib in Resources */,
				177389F625073BA3003B5CD7 /* ExerciseCell.xib in Resources */,
				5297A252250B2ED0002745A9 /* Exercise3.storyboard in Resources */,
				1773898B25071D8E003B5CD7 /* Assets.xcassets in Resources */,
				0E4C36202512E1CE006A2047 /* Exercise8.storyboard in Resources */,
				170DCAAF250E1F5800815C14 /* Exercise1.storyboard in Resources */,
				0E1206EA250F295A0071C1F9 /* Exercise7.storyboard in Resources */,
				1773898925071D8D003B5CD7 /* Main.storyboard in Resources */,
				C96892FE250A334D000FFF5F /* Exercise4.storyboard in Resources */,
				619C0CCD251333C800A9457A /* Exercise5.storyboard in Resources */,
				716A53652511A5DA0034DC60 /* Exercise2.storyboard in Resources */,
			);
			runOnlyForDeploymentPostprocessing = 0;
		};
		1773899225071D8E003B5CD7 /* Resources */ = {
			isa = PBXResourcesBuildPhase;
			buildActionMask = 2147483647;
			files = (
			);
			runOnlyForDeploymentPostprocessing = 0;
		};
/* End PBXResourcesBuildPhase section */

/* Begin PBXShellScriptBuildPhase section */
		177389D325071F60003B5CD7 /* SwiftLint */ = {
			isa = PBXShellScriptBuildPhase;
			buildActionMask = 2147483647;
			files = (
			);
			inputFileListPaths = (
			);
			inputPaths = (
			);
			name = SwiftLint;
			outputFileListPaths = (
			);
			outputPaths = (
			);
			runOnlyForDeploymentPostprocessing = 0;
			shellPath = /bin/sh;
			shellScript = "if which swiftlint >/dev/null; then\n  swiftlint\nelse\n  echo \"warning: SwiftLint not installed, download from https://github.com/realm/SwiftLint\"\nfi\n";
		};
/* End PBXShellScriptBuildPhase section */

/* Begin PBXSourcesBuildPhase section */
		1773897A25071D8D003B5CD7 /* Sources */ = {
			isa = PBXSourcesBuildPhase;
			buildActionMask = 2147483647;
			files = (
				9C90E28425148AD600EFE188 /* Exercise6Navigator.swift in Sources */,
				C9689307250B6666000FFF5F /* Date+.swift in Sources */,
				C9689301250B3FBC000FFF5F /* DateGateway.swift in Sources */,
				0E4C36142512E0ED006A2047 /* Exercise8Navigator.swift in Sources */,
				177389EC25072442003B5CD7 /* MainViewController.swift in Sources */,
				5297A24C250B27A1002745A9 /* Exercise3ViewController.swift in Sources */,
				9C90E29525148C8B00EFE188 /* CalculateFreeMinutes.swift in Sources */,
				9C90E28125148AD600EFE188 /* Exersice6UseCase.swift in Sources */,
				5297A24E250B27A1002745A9 /* Exercise3Navigator.swift in Sources */,
				5297A259250E6CB6002745A9 /* ClotherViewModel.swift in Sources */,
				177389C325071EA2003B5CD7 /* Assembler.swift in Sources */,
				5297A250250B27A1002745A9 /* Exercise3Assembler.swift in Sources */,
				177389D025071EA2003B5CD7 /* UIViewController+.swift in Sources */,
				170DCAB5250E287500815C14 /* CalculatingBeerPrice.swift in Sources */,
				0E1206DC250F29190071C1F9 /* Exercise7ViewModel.swift in Sources */,
				5297A256250E648F002745A9 /* ClotherCell.swift in Sources */,
				0E4C36232512E7BD006A2047 /* CalculateBadmintonFee.swift in Sources */,
				177389F525073BA3003B5CD7 /* ExerciseCell.swift in Sources */,
				716A536E2511A7AE0034DC60 /* Exercise2Navigator.swift in Sources */,
				170DCAA9250E1F2400815C14 /* Exercise1Assembler.swift in Sources */,
				177389CF25071EA2003B5CD7 /* AppUseCase.swift in Sources */,
				0E4C36112512E0ED006A2047 /* Exercise8ViewController.swift in Sources */,
				17128489250C6EC900A95A97 /* GettingExercises.swift in Sources */,
				52C54179250F0EB40092CA4A /* CaculatingClotherDiscount.swift in Sources */,
				619D137D25184A640001FF53 /* PizzaBillElement.swift in Sources */,
				170DCAAA250E1F2400815C14 /* Exercise1Navigator.swift in Sources */,
				170DCAAC250E1F2400815C14 /* Exercise1ViewController.swift in Sources */,
				716A536F2511A7AE0034DC60 /* Exercise2ViewModel.swift in Sources */,
				1712848B250C6EFD00A95A97 /* ExerciseGateway.swift in Sources */,
				17128486250C6E9D00A95A97 /* Exercise.swift in Sources */,
				0E1206DE250F29190071C1F9 /* Exercise7Navigator.swift in Sources */,
				177389CE25071EA2003B5CD7 /* AppViewModel.swift in Sources */,
				177389EB25072442003B5CD7 /* MainUseCase.swift in Sources */,
				0E4C36252512E7C6006A2047 /* CalculateBadmintonFeeDto.swift in Sources */,
				170DCAAD250E1F2400815C14 /* Exercise1ViewModel.swift in Sources */,
				0EA1C06125119F8F008560B0 /* Validation+Ext.swift in Sources */,
				5297A24D250B27A1002745A9 /* Exercise3ViewModel.swift in Sources */,
				619C0CC32513152200A9457A /* Exercise5Assembler.swift in Sources */,
				177389F225073B8D003B5CD7 /* ExerciseItemViewModel.swift in Sources */,
				5297A24F250B27A1002745A9 /* Exercise3UseCase.swift in Sources */,
				177389D125071EA2003B5CD7 /* UIViewController+Rx.swift in Sources */,
				C96892F3250A2A2E000FFF5F /* Exercise4ViewModel.swift in Sources */,
				0E1206DD250F29190071C1F9 /* Exercise7ViewController.swift in Sources */,
				177389CA25071EA2003B5CD7 /* AppDelegate.swift in Sources */,
				0E4C36122512E0ED006A2047 /* Exercise8UseCase.swift in Sources */,
				619C0CC92513154600A9457A /* Exercise5ViewController.swift in Sources */,
				177389D225071EA2003B5CD7 /* Utils.swift in Sources */,
				C98D5741250F1197005BCB35 /* GettingDates.swift in Sources */,
				177389EA25072442003B5CD7 /* MainNavigator.swift in Sources */,
				0E4C36152512E0ED006A2047 /* Exercise8Assembler.swift in Sources */,
				C96892F0250A2A2E000FFF5F /* Exercise4Assembler.swift in Sources */,
				0E4C36132512E0ED006A2047 /* Exercise8ViewModel.swift in Sources */,
				0EE324532513401500AB95E2 /* String+Ext.swift in Sources */,
				177389CD25071EA2003B5CD7 /* AppNavigator.swift in Sources */,
				177389CC25071EA2003B5CD7 /* AppAssembler.swift in Sources */,
				5297A25B250E7943002745A9 /* ClotherOrderItem.swift in Sources */,
				177389CB25071EA2003B5CD7 /* Storyboards.swift in Sources */,
				619C0CC72513153700A9457A /* Exercise5UseCase.swift in Sources */,
				619C0CCB2513154E00A9457A /* Exercise5ViewModel.swift in Sources */,
				170DCAB3250E25C600815C14 /* Double+.swift in Sources */,
				B6D5557C2510EE6D00439F84 /* CaculatingTransportationFeeDto.swift in Sources */,
				619C0CC52513152C00A9457A /* Exercise5Navigator.swift in Sources */,
				716A536D2511A7AE0034DC60 /* Exercise2Assembler.swift in Sources */,
				716A53722511AE650034DC60 /* CalculatingFee.swift in Sources */,
				9C90E28325148AD600EFE188 /* Exersice6ViewModel.swift in Sources */,
				170DCAAB250E1F2400815C14 /* Exercise1UseCase.swift in Sources */,
				619C0CD02513642900A9457A /* CalculatePizzaFee.swift in Sources */,
				C96892F1250A2A2E000FFF5F /* Exercise4Navigator.swift in Sources */,
				177389CC25071EA2003B5CD7 /* AppAssembler.swift in Sources */,
				177389CB25071EA2003B5CD7 /* Storyboards.swift in Sources */,
				C96892EF250A2A2E000FFF5F /* Exercise4UseCase.swift in Sources */,
				716A536C2511A7AE0034DC60 /* Exercise2UseCase.swift in Sources */,
				C96892F2250A2A2E000FFF5F /* Exercise4ViewController.swift in Sources */,
				C98D5740250F1197005BCB35 /* GetDateColorDto.swift in Sources */,
				9C90E28025148AD600EFE188 /* Exersice6Assembler.swift in Sources */,
				0E1206ED250F3E2B0071C1F9 /* CaculatingTransportationFee.swift in Sources */,
				177389C425071EA2003B5CD7 /* GatewaysAssembler.swift in Sources */,
				0E1206E0250F29190071C1F9 /* Exercise7UseCase.swift in Sources */,
				0E1206DF250F29190071C1F9 /* Exercise7Assembler.swift in Sources */,
				716A53702511A7AE0034DC60 /* Exercise2ViewController.swift in Sources */,
				177389C225071EA2003B5CD7 /* UnitTestViewController.swift in Sources */,
				177389ED25072442003B5CD7 /* MainViewModel.swift in Sources */,
				170DCAB1250E20D100815C14 /* MainAssembler.swift in Sources */,
				9C90E28225148AD600EFE188 /* Exercise6ViewController.swift in Sources */,
			);
			runOnlyForDeploymentPostprocessing = 0;
		};
		1773899025071D8E003B5CD7 /* Sources */ = {
			isa = PBXSourcesBuildPhase;
			buildActionMask = 2147483647;
			files = (
				17128484250C6D5200A95A97 /* MainUseCaseMock.swift in Sources */,
				170DCAC0250E28EB00815C14 /* CalculatingBeerPriceTests.swift in Sources */,
				1712848F250C71D200A95A97 /* GettingExercisesTests.swift in Sources */,
				1712849D250C75E300A95A97 /* AppNavigatorMock.swift in Sources */,
				17128483250C6D5200A95A97 /* MainNavigatorMock.swift in Sources */,
				170DCABB250E28CD00815C14 /* Exercise1ViewControllerTests.swift in Sources */,
				0E1206E5250F29390071C1F9 /* Exercise7ViewControllerTests.swift in Sources */,
				17128481250C6D5200A95A97 /* MainViewControllerTests.swift in Sources */,
				716A537C2511C7880034DC60 /* Exercise2ViewModelTests.swift in Sources */,
				619D1375251757640001FF53 /* Exercise5NavigatorMock.swift in Sources */,
				17128495250C755900A95A97 /* ExerciseCellTests.swift in Sources */,
				0E4C361D2512E10B006A2047 /* Exercise8NavigatorMock.swift in Sources */,
				0E4C361E2512E10B006A2047 /* Exercise8UseCaseMock.swift in Sources */,
				0E4C361B2512E10B006A2047 /* Exercise8ViewControllerTests.swift in Sources */,
				1712849E250C75E300A95A97 /* AppUseCaseMock.swift in Sources */,
				0EEF3257251041D6001F2987 /* Exercise7UseCaseMock.swift in Sources */,
				619D137925175A9B0001FF53 /* Exercise5ViewControllerTests.swift in Sources */,
				619D1372251751F40001FF53 /* CalculatePizzaFeeTest.swift in Sources */,
				619D137B25175C550001FF53 /* Exercise5ViewModelTests.swift in Sources */,
				0E1206EF250F6E3C0071C1F9 /* CaculatingTransportationFeeTests.swift in Sources */,
				716A537D2511C7880034DC60 /* Exercise2NavigatorMock.swift in Sources */,
				9C90E28E25148B3C00EFE188 /* Exercise6ViewModelTests.swift in Sources */,
				170DCABC250E28CD00815C14 /* Exercise1ViewModelTests.swift in Sources */,
				0E1206E7250F29390071C1F9 /* Exercise7ViewModelTests.swift in Sources */,
				0E1206E8250F29390071C1F9 /* Exercise7NavigatorMock.swift in Sources */,
				170DCABD250E28CD00815C14 /* Exercise1NavigatorMock.swift in Sources */,
				716A537E2511C7880034DC60 /* Exercise2ViewControllerTests.swift in Sources */,
				17128493250C722A00A95A97 /* ExerciseGatewayMock.swift in Sources */,
				17128482250C6D5200A95A97 /* MainViewModelTests.swift in Sources */,
				1712849C250C75E300A95A97 /* AppViewModelTests.swift in Sources */,
				170DCABE250E28CD00815C14 /* Exercise1UseCaseMock.swift in Sources */,
				C98D5747250F17C9005BCB35 /* DateGatewayMock.swift in Sources */,
				716A53812511E6FC0034DC60 /* CalculateFeeTest.swift in Sources */,
				0EE3245125133D5F00AB95E2 /* CalculateBadmintonFeeTests.swift in Sources */,
				C96892FA250A2A71000FFF5F /* Exercise4NavigatorMock.swift in Sources */,
				0E4C361C2512E10B006A2047 /* Exercise8ViewModelTests.swift in Sources */,
				619D1377251757B70001FF53 /* Exercise5UesCaseMock.swift in Sources */,
				C968930D250B74DC000FFF5F /* GettingDatesTests.swift in Sources */,
				9C90E28F25148B3C00EFE188 /* Exercise6UseCaseMock.swift in Sources */,
				C96892FB250A2A71000FFF5F /* Exercise4ViewModelTests.swift in Sources */,
				9C90E28D25148B3C00EFE188 /* Exercise6ViewControllerTests.swift in Sources */,
				C96892F9250A2A71000FFF5F /* Exercise4UseCaseMock.swift in Sources */,
				716A537F2511C7880034DC60 /* Exercise2UseCaseMock.swift in Sources */,
				C96892FC250A2A71000FFF5F /* Exercise4ViewControllerTests.swift in Sources */,
				9C90E28C25148B3C00EFE188 /* Exercise6NavigatorMock.swift in Sources */,
				9C90E29325148C5F00EFE188 /* CalculateFreeMinutes.swift in Sources */,
				5297A262250EC6DB002745A9 /* Exercise3ViewControllerTests.swift in Sources */,
				5297A261250EC6DB002745A9 /* Exercise3NavigatorMock.swift in Sources */,
				5297A264250EC6DB002745A9 /* Exercise3ViewModelTests.swift in Sources */,
				5297A263250EC6DB002745A9 /* Exercise3UseCaseMock.swift in Sources */,
				52C5417B250F290F0092CA4A /* CaculatingClotherDiscountTest.swift in Sources */,
			);
			runOnlyForDeploymentPostprocessing = 0;
		};
/* End PBXSourcesBuildPhase section */

/* Begin PBXTargetDependency section */
		1773899625071D8E003B5CD7 /* PBXTargetDependency */ = {
			isa = PBXTargetDependency;
			target = 1773897D25071D8D003B5CD7 /* UnitTestTraining */;
			targetProxy = 1773899525071D8E003B5CD7 /* PBXContainerItemProxy */;
		};
/* End PBXTargetDependency section */

/* Begin PBXVariantGroup section */
		1773898725071D8D003B5CD7 /* Main.storyboard */ = {
			isa = PBXVariantGroup;
			children = (
				1773898825071D8D003B5CD7 /* Base */,
			);
			name = Main.storyboard;
			sourceTree = "<group>";
		};
		1773898C25071D8E003B5CD7 /* LaunchScreen.storyboard */ = {
			isa = PBXVariantGroup;
			children = (
				1773898D25071D8E003B5CD7 /* Base */,
			);
			name = LaunchScreen.storyboard;
			sourceTree = "<group>";
		};
/* End PBXVariantGroup section */

/* Begin XCBuildConfiguration section */
		1773899B25071D8E003B5CD7 /* Debug */ = {
			isa = XCBuildConfiguration;
			buildSettings = {
				ALWAYS_SEARCH_USER_PATHS = NO;
				CLANG_ANALYZER_NONNULL = YES;
				CLANG_ANALYZER_NUMBER_OBJECT_CONVERSION = YES_AGGRESSIVE;
				CLANG_CXX_LANGUAGE_STANDARD = "gnu++14";
				CLANG_CXX_LIBRARY = "libc++";
				CLANG_ENABLE_MODULES = YES;
				CLANG_ENABLE_OBJC_ARC = YES;
				CLANG_ENABLE_OBJC_WEAK = YES;
				CLANG_WARN_BLOCK_CAPTURE_AUTORELEASING = YES;
				CLANG_WARN_BOOL_CONVERSION = YES;
				CLANG_WARN_COMMA = YES;
				CLANG_WARN_CONSTANT_CONVERSION = YES;
				CLANG_WARN_DEPRECATED_OBJC_IMPLEMENTATIONS = YES;
				CLANG_WARN_DIRECT_OBJC_ISA_USAGE = YES_ERROR;
				CLANG_WARN_DOCUMENTATION_COMMENTS = YES;
				CLANG_WARN_EMPTY_BODY = YES;
				CLANG_WARN_ENUM_CONVERSION = YES;
				CLANG_WARN_INFINITE_RECURSION = YES;
				CLANG_WARN_INT_CONVERSION = YES;
				CLANG_WARN_NON_LITERAL_NULL_CONVERSION = YES;
				CLANG_WARN_OBJC_IMPLICIT_RETAIN_SELF = YES;
				CLANG_WARN_OBJC_LITERAL_CONVERSION = YES;
				CLANG_WARN_OBJC_ROOT_CLASS = YES_ERROR;
				CLANG_WARN_RANGE_LOOP_ANALYSIS = YES;
				CLANG_WARN_STRICT_PROTOTYPES = YES;
				CLANG_WARN_SUSPICIOUS_MOVE = YES;
				CLANG_WARN_UNGUARDED_AVAILABILITY = YES_AGGRESSIVE;
				CLANG_WARN_UNREACHABLE_CODE = YES;
				CLANG_WARN__DUPLICATE_METHOD_MATCH = YES;
				COPY_PHASE_STRIP = NO;
				DEBUG_INFORMATION_FORMAT = dwarf;
				ENABLE_STRICT_OBJC_MSGSEND = YES;
				ENABLE_TESTABILITY = YES;
				ENABLE_TESTING_SEARCH_PATHS = YES;
				GCC_C_LANGUAGE_STANDARD = gnu11;
				GCC_DYNAMIC_NO_PIC = NO;
				GCC_NO_COMMON_BLOCKS = YES;
				GCC_OPTIMIZATION_LEVEL = 0;
				GCC_PREPROCESSOR_DEFINITIONS = (
					"DEBUG=1",
					"$(inherited)",
				);
				GCC_WARN_64_TO_32_BIT_CONVERSION = YES;
				GCC_WARN_ABOUT_RETURN_TYPE = YES_ERROR;
				GCC_WARN_UNDECLARED_SELECTOR = YES;
				GCC_WARN_UNINITIALIZED_AUTOS = YES_AGGRESSIVE;
				GCC_WARN_UNUSED_FUNCTION = YES;
				GCC_WARN_UNUSED_VARIABLE = YES;
				IPHONEOS_DEPLOYMENT_TARGET = 13.0;
				MTL_ENABLE_DEBUG_INFO = INCLUDE_SOURCE;
				MTL_FAST_MATH = YES;
				ONLY_ACTIVE_ARCH = YES;
				SDKROOT = iphoneos;
				SWIFT_ACTIVE_COMPILATION_CONDITIONS = DEBUG;
				SWIFT_OPTIMIZATION_LEVEL = "-Onone";
			};
			name = Debug;
		};
		1773899C25071D8E003B5CD7 /* Release */ = {
			isa = XCBuildConfiguration;
			buildSettings = {
				ALWAYS_SEARCH_USER_PATHS = NO;
				CLANG_ANALYZER_NONNULL = YES;
				CLANG_ANALYZER_NUMBER_OBJECT_CONVERSION = YES_AGGRESSIVE;
				CLANG_CXX_LANGUAGE_STANDARD = "gnu++14";
				CLANG_CXX_LIBRARY = "libc++";
				CLANG_ENABLE_MODULES = YES;
				CLANG_ENABLE_OBJC_ARC = YES;
				CLANG_ENABLE_OBJC_WEAK = YES;
				CLANG_WARN_BLOCK_CAPTURE_AUTORELEASING = YES;
				CLANG_WARN_BOOL_CONVERSION = YES;
				CLANG_WARN_COMMA = YES;
				CLANG_WARN_CONSTANT_CONVERSION = YES;
				CLANG_WARN_DEPRECATED_OBJC_IMPLEMENTATIONS = YES;
				CLANG_WARN_DIRECT_OBJC_ISA_USAGE = YES_ERROR;
				CLANG_WARN_DOCUMENTATION_COMMENTS = YES;
				CLANG_WARN_EMPTY_BODY = YES;
				CLANG_WARN_ENUM_CONVERSION = YES;
				CLANG_WARN_INFINITE_RECURSION = YES;
				CLANG_WARN_INT_CONVERSION = YES;
				CLANG_WARN_NON_LITERAL_NULL_CONVERSION = YES;
				CLANG_WARN_OBJC_IMPLICIT_RETAIN_SELF = YES;
				CLANG_WARN_OBJC_LITERAL_CONVERSION = YES;
				CLANG_WARN_OBJC_ROOT_CLASS = YES_ERROR;
				CLANG_WARN_RANGE_LOOP_ANALYSIS = YES;
				CLANG_WARN_STRICT_PROTOTYPES = YES;
				CLANG_WARN_SUSPICIOUS_MOVE = YES;
				CLANG_WARN_UNGUARDED_AVAILABILITY = YES_AGGRESSIVE;
				CLANG_WARN_UNREACHABLE_CODE = YES;
				CLANG_WARN__DUPLICATE_METHOD_MATCH = YES;
				COPY_PHASE_STRIP = NO;
				DEBUG_INFORMATION_FORMAT = "dwarf-with-dsym";
				ENABLE_NS_ASSERTIONS = NO;
				ENABLE_STRICT_OBJC_MSGSEND = YES;
				ENABLE_TESTING_SEARCH_PATHS = YES;
				GCC_C_LANGUAGE_STANDARD = gnu11;
				GCC_NO_COMMON_BLOCKS = YES;
				GCC_WARN_64_TO_32_BIT_CONVERSION = YES;
				GCC_WARN_ABOUT_RETURN_TYPE = YES_ERROR;
				GCC_WARN_UNDECLARED_SELECTOR = YES;
				GCC_WARN_UNINITIALIZED_AUTOS = YES_AGGRESSIVE;
				GCC_WARN_UNUSED_FUNCTION = YES;
				GCC_WARN_UNUSED_VARIABLE = YES;
				IPHONEOS_DEPLOYMENT_TARGET = 13.0;
				MTL_ENABLE_DEBUG_INFO = NO;
				MTL_FAST_MATH = YES;
				SDKROOT = iphoneos;
				SWIFT_COMPILATION_MODE = wholemodule;
				SWIFT_OPTIMIZATION_LEVEL = "-O";
				VALIDATE_PRODUCT = YES;
			};
			name = Release;
		};
		1773899E25071D8E003B5CD7 /* Debug */ = {
			isa = XCBuildConfiguration;
			buildSettings = {
				ASSETCATALOG_COMPILER_APPICON_NAME = AppIcon;
				CLANG_ENABLE_MODULES = YES;
				CODE_SIGN_STYLE = Automatic;
				INFOPLIST_FILE = UnitTestTraining/Info.plist;
				IPHONEOS_DEPLOYMENT_TARGET = 13.3;
				LD_RUNPATH_SEARCH_PATHS = (
					"$(inherited)",
					"@executable_path/Frameworks",
				);
				PRODUCT_BUNDLE_IDENTIFIER = "com.sun-asterisk.UnitTestTraining";
				PRODUCT_NAME = "$(TARGET_NAME)";
				SWIFT_OBJC_BRIDGING_HEADER = "UnitTestTraining/UnitTestTraining-Bridging-Header.h";
				SWIFT_OPTIMIZATION_LEVEL = "-Onone";
				SWIFT_VERSION = 5.0;
				TARGETED_DEVICE_FAMILY = "1,2";
			};
			name = Debug;
		};
		1773899F25071D8E003B5CD7 /* Release */ = {
			isa = XCBuildConfiguration;
			buildSettings = {
				ASSETCATALOG_COMPILER_APPICON_NAME = AppIcon;
				CLANG_ENABLE_MODULES = YES;
				CODE_SIGN_STYLE = Automatic;
				INFOPLIST_FILE = UnitTestTraining/Info.plist;
				IPHONEOS_DEPLOYMENT_TARGET = 13.3;
				LD_RUNPATH_SEARCH_PATHS = (
					"$(inherited)",
					"@executable_path/Frameworks",
				);
				PRODUCT_BUNDLE_IDENTIFIER = "com.sun-asterisk.UnitTestTraining";
				PRODUCT_NAME = "$(TARGET_NAME)";
				SWIFT_OBJC_BRIDGING_HEADER = "UnitTestTraining/UnitTestTraining-Bridging-Header.h";
				SWIFT_VERSION = 5.0;
				TARGETED_DEVICE_FAMILY = "1,2";
			};
			name = Release;
		};
		177389A125071D8E003B5CD7 /* Debug */ = {
			isa = XCBuildConfiguration;
			buildSettings = {
				ALWAYS_EMBED_SWIFT_STANDARD_LIBRARIES = YES;
				BUNDLE_LOADER = "$(TEST_HOST)";
				CLANG_ENABLE_MODULES = YES;
				CODE_SIGN_STYLE = Automatic;
				INFOPLIST_FILE = UnitTestTrainingTests/Info.plist;
				IPHONEOS_DEPLOYMENT_TARGET = 13.5;
				LD_RUNPATH_SEARCH_PATHS = (
					"$(inherited)",
					"@executable_path/Frameworks",
					"@loader_path/Frameworks",
				);
				PRODUCT_BUNDLE_IDENTIFIER = "com.sun-asterisk.UnitTestTrainingTests";
				PRODUCT_NAME = "$(TARGET_NAME)";
				SWIFT_OPTIMIZATION_LEVEL = "-Onone";
				SWIFT_VERSION = 5.0;
				TARGETED_DEVICE_FAMILY = "1,2";
				TEST_HOST = "$(BUILT_PRODUCTS_DIR)/UnitTestTraining.app/UnitTestTraining";
			};
			name = Debug;
		};
		177389A225071D8E003B5CD7 /* Release */ = {
			isa = XCBuildConfiguration;
			buildSettings = {
				ALWAYS_EMBED_SWIFT_STANDARD_LIBRARIES = YES;
				BUNDLE_LOADER = "$(TEST_HOST)";
				CLANG_ENABLE_MODULES = YES;
				CODE_SIGN_STYLE = Automatic;
				INFOPLIST_FILE = UnitTestTrainingTests/Info.plist;
				IPHONEOS_DEPLOYMENT_TARGET = 13.5;
				LD_RUNPATH_SEARCH_PATHS = (
					"$(inherited)",
					"@executable_path/Frameworks",
					"@loader_path/Frameworks",
				);
				PRODUCT_BUNDLE_IDENTIFIER = "com.sun-asterisk.UnitTestTrainingTests";
				PRODUCT_NAME = "$(TARGET_NAME)";
				SWIFT_VERSION = 5.0;
				TARGETED_DEVICE_FAMILY = "1,2";
				TEST_HOST = "$(BUILT_PRODUCTS_DIR)/UnitTestTraining.app/UnitTestTraining";
			};
			name = Release;
		};
/* End XCBuildConfiguration section */

/* Begin XCConfigurationList section */
		1773897925071D8D003B5CD7 /* Build configuration list for PBXProject "UnitTestTraining" */ = {
			isa = XCConfigurationList;
			buildConfigurations = (
				1773899B25071D8E003B5CD7 /* Debug */,
				1773899C25071D8E003B5CD7 /* Release */,
			);
			defaultConfigurationIsVisible = 0;
			defaultConfigurationName = Release;
		};
		1773899D25071D8E003B5CD7 /* Build configuration list for PBXNativeTarget "UnitTestTraining" */ = {
			isa = XCConfigurationList;
			buildConfigurations = (
				1773899E25071D8E003B5CD7 /* Debug */,
				1773899F25071D8E003B5CD7 /* Release */,
			);
			defaultConfigurationIsVisible = 0;
			defaultConfigurationName = Release;
		};
		177389A025071D8E003B5CD7 /* Build configuration list for PBXNativeTarget "UnitTestTrainingTests" */ = {
			isa = XCConfigurationList;
			buildConfigurations = (
				177389A125071D8E003B5CD7 /* Debug */,
				177389A225071D8E003B5CD7 /* Release */,
			);
			defaultConfigurationIsVisible = 0;
			defaultConfigurationName = Release;
		};
/* End XCConfigurationList section */

/* Begin XCRemoteSwiftPackageReference section */
		177389D425071FAE003B5CD7 /* XCRemoteSwiftPackageReference "MBProgressHUD" */ = {
			isa = XCRemoteSwiftPackageReference;
			repositoryURL = "https://github.com/jdg/MBProgressHUD.git";
			requirement = {
				kind = upToNextMajorVersion;
				minimumVersion = 1.2.0;
			};
		};
		177389D72507200E003B5CD7 /* XCRemoteSwiftPackageReference "MGArchitecture" */ = {
			isa = XCRemoteSwiftPackageReference;
			repositoryURL = "https://github.com/tuan188/MGArchitecture";
			requirement = {
				kind = upToNextMajorVersion;
				minimumVersion = 2.0.1;
			};
		};
		177389DD25072085003B5CD7 /* XCRemoteSwiftPackageReference "Dto" */ = {
			isa = XCRemoteSwiftPackageReference;
			repositoryURL = "https://github.com/tuan188/Dto";
			requirement = {
				kind = upToNextMajorVersion;
				minimumVersion = 0.1.0;
			};
		};
		177389E025072210003B5CD7 /* XCRemoteSwiftPackageReference "Then" */ = {
			isa = XCRemoteSwiftPackageReference;
			repositoryURL = "https://github.com/devxoul/Then";
			requirement = {
				kind = upToNextMajorVersion;
				minimumVersion = 2.7.0;
			};
		};
		177389EE250724E7003B5CD7 /* XCRemoteSwiftPackageReference "Reusable" */ = {
			isa = XCRemoteSwiftPackageReference;
			repositoryURL = "https://github.com/AliSoftware/Reusable";
			requirement = {
				kind = upToNextMajorVersion;
				minimumVersion = 4.1.1;
			};
		};
/* End XCRemoteSwiftPackageReference section */

/* Begin XCSwiftPackageProductDependency section */
		177389D525071FAE003B5CD7 /* MBProgressHUD */ = {
			isa = XCSwiftPackageProductDependency;
			package = 177389D425071FAE003B5CD7 /* XCRemoteSwiftPackageReference "MBProgressHUD" */;
			productName = MBProgressHUD;
		};
		177389D82507200E003B5CD7 /* MGArchitecture */ = {
			isa = XCSwiftPackageProductDependency;
			package = 177389D72507200E003B5CD7 /* XCRemoteSwiftPackageReference "MGArchitecture" */;
			productName = MGArchitecture;
		};
		177389DE25072085003B5CD7 /* Dto */ = {
			isa = XCSwiftPackageProductDependency;
			package = 177389DD25072085003B5CD7 /* XCRemoteSwiftPackageReference "Dto" */;
			productName = Dto;
		};
		177389E125072210003B5CD7 /* Then */ = {
			isa = XCSwiftPackageProductDependency;
			package = 177389E025072210003B5CD7 /* XCRemoteSwiftPackageReference "Then" */;
			productName = Then;
		};
		177389EF250724E7003B5CD7 /* Reusable */ = {
			isa = XCSwiftPackageProductDependency;
			package = 177389EE250724E7003B5CD7 /* XCRemoteSwiftPackageReference "Reusable" */;
			productName = Reusable;
		};
/* End XCSwiftPackageProductDependency section */
	};
	rootObject = 1773897625071D8D003B5CD7 /* Project object */;
}
